// !$*UTF8*$!
{
	archiveVersion = 1;
	classes = {
	};
	objectVersion = 50;
	objects = {

/* Begin PBXBuildFile section */
		095DEE7623D014A7008E17AE /* AppDelegate.swift in Sources */ = {isa = PBXBuildFile; fileRef = 095DEE7523D014A7008E17AE /* AppDelegate.swift */; };
		095DEE7823D014A7008E17AE /* SceneDelegate.swift in Sources */ = {isa = PBXBuildFile; fileRef = 095DEE7723D014A7008E17AE /* SceneDelegate.swift */; };
		095DEE7A23D014A7008E17AE /* ContentView.swift in Sources */ = {isa = PBXBuildFile; fileRef = 095DEE7923D014A7008E17AE /* ContentView.swift */; };
		095DEE7C23D014A9008E17AE /* Assets.xcassets in Resources */ = {isa = PBXBuildFile; fileRef = 095DEE7B23D014A9008E17AE /* Assets.xcassets */; };
		095DEE7F23D014A9008E17AE /* Preview Assets.xcassets in Resources */ = {isa = PBXBuildFile; fileRef = 095DEE7E23D014A9008E17AE /* Preview Assets.xcassets */; };
		095DEE8223D014A9008E17AE /* LaunchScreen.storyboard in Resources */ = {isa = PBXBuildFile; fileRef = 095DEE8023D014A9008E17AE /* LaunchScreen.storyboard */; };
/* End PBXBuildFile section */

/* Begin PBXFileReference section */
		095DEE7223D014A7008E17AE /* RockPaperScissorsLizardSpock.app */ = {isa = PBXFileReference; explicitFileType = wrapper.application; includeInIndex = 0; path = RockPaperScissorsLizardSpock.app; sourceTree = BUILT_PRODUCTS_DIR; };
		095DEE7523D014A7008E17AE /* AppDelegate.swift */ = {isa = PBXFileReference; lastKnownFileType = sourcecode.swift; path = AppDelegate.swift; sourceTree = "<group>"; };
		095DEE7723D014A7008E17AE /* SceneDelegate.swift */ = {isa = PBXFileReference; lastKnownFileType = sourcecode.swift; path = SceneDelegate.swift; sourceTree = "<group>"; };
		095DEE7923D014A7008E17AE /* ContentView.swift */ = {isa = PBXFileReference; lastKnownFileType = sourcecode.swift; path = ContentView.swift; sourceTree = "<group>"; };
		095DEE7B23D014A9008E17AE /* Assets.xcassets */ = {isa = PBXFileReference; lastKnownFileType = folder.assetcatalog; path = Assets.xcassets; sourceTree = "<group>"; };
		095DEE7E23D014A9008E17AE /* Preview Assets.xcassets */ = {isa = PBXFileReference; lastKnownFileType = folder.assetcatalog; path = "Preview Assets.xcassets"; sourceTree = "<group>"; };
		095DEE8123D014A9008E17AE /* Base */ = {isa = PBXFileReference; lastKnownFileType = file.storyboard; name = Base; path = Base.lproj/LaunchScreen.storyboard; sourceTree = "<group>"; };
		095DEE8323D014A9008E17AE /* Info.plist */ = {isa = PBXFileReference; lastKnownFileType = text.plist.xml; path = Info.plist; sourceTree = "<group>"; };
/* End PBXFileReference section */

/* Begin PBXFrameworksBuildPhase section */
		095DEE6F23D014A7008E17AE /* Frameworks */ = {
			isa = PBXFrameworksBuildPhase;
			buildActionMask = 2147483647;
			files = (
			);
			runOnlyForDeploymentPostprocessing = 0;
		};
/* End PBXFrameworksBuildPhase section */

/* Begin PBXGroup section */
		095DEE6923D014A7008E17AE = {
			isa = PBXGroup;
			children = (
				095DEE7423D014A7008E17AE /* RockPaperScissorsLizardSpock */,
				095DEE7323D014A7008E17AE /* Products */,
			);
			sourceTree = "<group>";
		};
		095DEE7323D014A7008E17AE /* Products */ = {
			isa = PBXGroup;
			children = (
				095DEE7223D014A7008E17AE /* RockPaperScissorsLizardSpock.app */,
			);
			name = Products;
			sourceTree = "<group>";
		};
		095DEE7423D014A7008E17AE /* RockPaperScissorsLizardSpock */ = {
			isa = PBXGroup;
			children = (
				095DEE7523D014A7008E17AE /* AppDelegate.swift */,
				095DEE7723D014A7008E17AE /* SceneDelegate.swift */,
				095DEE7923D014A7008E17AE /* ContentView.swift */,
				095DEE7B23D014A9008E17AE /* Assets.xcassets */,
				095DEE8023D014A9008E17AE /* LaunchScreen.storyboard */,
				095DEE8323D014A9008E17AE /* Info.plist */,
				095DEE7D23D014A9008E17AE /* Preview Content */,
			);
			path = RockPaperScissorsLizardSpock;
			sourceTree = "<group>";
		};
		095DEE7D23D014A9008E17AE /* Preview Content */ = {
			isa = PBXGroup;
			children = (
				095DEE7E23D014A9008E17AE /* Preview Assets.xcassets */,
			);
			path = "Preview Content";
			sourceTree = "<group>";
		};
/* End PBXGroup section */

/* Begin PBXNativeTarget section */
		095DEE7123D014A7008E17AE /* RockPaperScissorsLizardSpock */ = {
			isa = PBXNativeTarget;
			buildConfigurationList = 095DEE8623D014A9008E17AE /* Build configuration list for PBXNativeTarget "RockPaperScissorsLizardSpock" */;
			buildPhases = (
				095DEE6E23D014A7008E17AE /* Sources */,
				095DEE6F23D014A7008E17AE /* Frameworks */,
				095DEE7023D014A7008E17AE /* Resources */,
			);
			buildRules = (
			);
			dependencies = (
			);
			name = RockPaperScissorsLizardSpock;
			productName = RockPaperScissorsLizardSpock;
			productReference = 095DEE7223D014A7008E17AE /* RockPaperScissorsLizardSpock.app */;
			productType = "com.apple.product-type.application";
		};
/* End PBXNativeTarget section */

/* Begin PBXProject section */
		095DEE6A23D014A7008E17AE /* Project object */ = {
			isa = PBXProject;
			attributes = {
				LastSwiftUpdateCheck = 1130;
				LastUpgradeCheck = 1130;
				ORGANIZATIONNAME = "Jessica Lewinter";
				TargetAttributes = {
					095DEE7123D014A7008E17AE = {
						CreatedOnToolsVersion = 11.3.1;
					};
				};
			};
			buildConfigurationList = 095DEE6D23D014A7008E17AE /* Build configuration list for PBXProject "RockPaperScissorsLizardSpock" */;
			compatibilityVersion = "Xcode 9.3";
			developmentRegion = en;
			hasScannedForEncodings = 0;
			knownRegions = (
				en,
				Base,
			);
			mainGroup = 095DEE6923D014A7008E17AE;
			productRefGroup = 095DEE7323D014A7008E17AE /* Products */;
			projectDirPath = "";
			projectRoot = "";
			targets = (
				095DEE7123D014A7008E17AE /* RockPaperScissorsLizardSpock */,
			);
		};
/* End PBXProject section */

/* Begin PBXResourcesBuildPhase section */
		095DEE7023D014A7008E17AE /* Resources */ = {
			isa = PBXResourcesBuildPhase;
			buildActionMask = 2147483647;
			files = (
				095DEE8223D014A9008E17AE /* LaunchScreen.storyboard in Resources */,
				095DEE7F23D014A9008E17AE /* Preview Assets.xcassets in Resources */,
				095DEE7C23D014A9008E17AE /* Assets.xcassets in Resources */,
			);
			runOnlyForDeploymentPostprocessing = 0;
		};
/* End PBXResourcesBuildPhase section */

/* Begin PBXSourcesBuildPhase section */
		095DEE6E23D014A7008E17AE /* Sources */ = {
			isa = PBXSourcesBuildPhase;
			buildActionMask = 2147483647;
			files = (
				095DEE7623D014A7008E17AE /* AppDelegate.swift in Sources */,
				095DEE7823D014A7008E17AE /* SceneDelegate.swift in Sources */,
				095DEE7A23D014A7008E17AE /* ContentView.swift in Sources */,
			);
			runOnlyForDeploymentPostprocessing = 0;
		};
/* End PBXSourcesBuildPhase section */

/* Begin PBXVariantGroup section */
		095DEE8023D014A9008E17AE /* LaunchScreen.storyboard */ = {
			isa = PBXVariantGroup;
			children = (
				095DEE8123D014A9008E17AE /* Base */,
			);
			name = LaunchScreen.storyboard;
			sourceTree = "<group>";
		};
/* End PBXVariantGroup section */

/* Begin XCBuildConfiguration section */
		095DEE8423D014A9008E17AE /* Debug */ = {
			isa = XCBuildConfiguration;
			buildSettings = {
				ALWAYS_SEARCH_USER_PATHS = NO;
				CLANG_ANALYZER_NONNULL = YES;
				CLANG_ANALYZER_NUMBER_OBJECT_CONVERSION = YES_AGGRESSIVE;
				CLANG_CXX_LANGUAGE_STANDARD = "gnu++14";
				CLANG_CXX_LIBRARY = "libc++";
				CLANG_ENABLE_MODULES = YES;
				CLANG_ENABLE_OBJC_ARC = YES;
				CLANG_ENABLE_OBJC_WEAK = YES;
				CLANG_WARN_BLOCK_CAPTURE_AUTORELEASING = YES;
				CLANG_WARN_BOOL_CONVERSION = YES;
				CLANG_WARN_COMMA = YES;
				CLANG_WARN_CONSTANT_CONVERSION = YES;
				CLANG_WARN_DEPRECATED_OBJC_IMPLEMENTATIONS = YES;
				CLANG_WARN_DIRECT_OBJC_ISA_USAGE = YES_ERROR;
				CLANG_WARN_DOCUMENTATION_COMMENTS = YES;
				CLANG_WARN_EMPTY_BODY = YES;
				CLANG_WARN_ENUM_CONVERSION = YES;
				CLANG_WARN_INFINITE_RECURSION = YES;
				CLANG_WARN_INT_CONVERSION = YES;
				CLANG_WARN_NON_LITERAL_NULL_CONVERSION = YES;
				CLANG_WARN_OBJC_IMPLICIT_RETAIN_SELF = YES;
				CLANG_WARN_OBJC_LITERAL_CONVERSION = YES;
				CLANG_WARN_OBJC_ROOT_CLASS = YES_ERROR;
				CLANG_WARN_RANGE_LOOP_ANALYSIS = YES;
				CLANG_WARN_STRICT_PROTOTYPES = YES;
				CLANG_WARN_SUSPICIOUS_MOVE = YES;
				CLANG_WARN_UNGUARDED_AVAILABILITY = YES_AGGRESSIVE;
				CLANG_WARN_UNREACHABLE_CODE = YES;
				CLANG_WARN__DUPLICATE_METHOD_MATCH = YES;
				COPY_PHASE_STRIP = NO;
				DEBUG_INFORMATION_FORMAT = dwarf;
				ENABLE_STRICT_OBJC_MSGSEND = YES;
				ENABLE_TESTABILITY = YES;
				GCC_C_LANGUAGE_STANDARD = gnu11;
				GCC_DYNAMIC_NO_PIC = NO;
				GCC_NO_COMMON_BLOCKS = YES;
				GCC_OPTIMIZATION_LEVEL = 0;
				GCC_PREPROCESSOR_DEFINITIONS = (
					"DEBUG=1",
					"$(inherited)",
				);
				GCC_WARN_64_TO_32_BIT_CONVERSION = YES;
				GCC_WARN_ABOUT_RETURN_TYPE = YES_ERROR;
				GCC_WARN_UNDECLARED_SELECTOR = YES;
				GCC_WARN_UNINITIALIZED_AUTOS = YES_AGGRESSIVE;
				GCC_WARN_UNUSED_FUNCTION = YES;
				GCC_WARN_UNUSED_VARIABLE = YES;
				IPHONEOS_DEPLOYMENT_TARGET = 13.2;
				MTL_ENABLE_DEBUG_INFO = INCLUDE_SOURCE;
				MTL_FAST_MATH = YES;
				ONLY_ACTIVE_ARCH = YES;
				SDKROOT = iphoneos;
				SWIFT_ACTIVE_COMPILATION_CONDITIONS = DEBUG;
				SWIFT_OPTIMIZATION_LEVEL = "-Onone";
			};
			name = Debug;
		};
		095DEE8523D014A9008E17AE /* Release */ = {
			isa = XCBuildConfiguration;
			buildSettings = {
				ALWAYS_SEARCH_USER_PATHS = NO;
				CLANG_ANALYZER_NONNULL = YES;
				CLANG_ANALYZER_NUMBER_OBJECT_CONVERSION = YES_AGGRESSIVE;
				CLANG_CXX_LANGUAGE_STANDARD = "gnu++14";
				CLANG_CXX_LIBRARY = "libc++";
				CLANG_ENABLE_MODULES = YES;
				CLANG_ENABLE_OBJC_ARC = YES;
				CLANG_ENABLE_OBJC_WEAK = YES;
				CLANG_WARN_BLOCK_CAPTURE_AUTORELEASING = YES;
				CLANG_WARN_BOOL_CONVERSION = YES;
				CLANG_WARN_COMMA = YES;
				CLANG_WARN_CONSTANT_CONVERSION = YES;
				CLANG_WARN_DEPRECATED_OBJC_IMPLEMENTATIONS = YES;
				CLANG_WARN_DIRECT_OBJC_ISA_USAGE = YES_ERROR;
				CLANG_WARN_DOCUMENTATION_COMMENTS = YES;
				CLANG_WARN_EMPTY_BODY = YES;
				CLANG_WARN_ENUM_CONVERSION = YES;
				CLANG_WARN_INFINITE_RECURSION = YES;
				CLANG_WARN_INT_CONVERSION = YES;
				CLANG_WARN_NON_LITERAL_NULL_CONVERSION = YES;
				CLANG_WARN_OBJC_IMPLICIT_RETAIN_SELF = YES;
				CLANG_WARN_OBJC_LITERAL_CONVERSION = YES;
				CLANG_WARN_OBJC_ROOT_CLASS = YES_ERROR;
				CLANG_WARN_RANGE_LOOP_ANALYSIS = YES;
				CLANG_WARN_STRICT_PROTOTYPES = YES;
				CLANG_WARN_SUSPICIOUS_MOVE = YES;
				CLANG_WARN_UNGUARDED_AVAILABILITY = YES_AGGRESSIVE;
				CLANG_WARN_UNREACHABLE_CODE = YES;
				CLANG_WARN__DUPLICATE_METHOD_MATCH = YES;
				COPY_PHASE_STRIP = NO;
				DEBUG_INFORMATION_FORMAT = "dwarf-with-dsym";
				ENABLE_NS_ASSERTIONS = NO;
				ENABLE_STRICT_OBJC_MSGSEND = YES;
				GCC_C_LANGUAGE_STANDARD = gnu11;
				GCC_NO_COMMON_BLOCKS = YES;
				GCC_WARN_64_TO_32_BIT_CONVERSION = YES;
				GCC_WARN_ABOUT_RETURN_TYPE = YES_ERROR;
				GCC_WARN_UNDECLARED_SELECTOR = YES;
				GCC_WARN_UNINITIALIZED_AUTOS = YES_AGGRESSIVE;
				GCC_WARN_UNUSED_FUNCTION = YES;
				GCC_WARN_UNUSED_VARIABLE = YES;
				IPHONEOS_DEPLOYMENT_TARGET = 13.2;
				MTL_ENABLE_DEBUG_INFO = NO;
				MTL_FAST_MATH = YES;
				SDKROOT = iphoneos;
				SWIFT_COMPILATION_MODE = wholemodule;
				SWIFT_OPTIMIZATION_LEVEL = "-O";
				VALIDATE_PRODUCT = YES;
			};
			name = Release;
		};
		095DEE8723D014A9008E17AE /* Debug */ = {
			isa = XCBuildConfiguration;
			buildSettings = {
				ASSETCATALOG_COMPILER_APPICON_NAME = AppIcon;
				CODE_SIGN_STYLE = Automatic;
				DEVELOPMENT_ASSET_PATHS = "\"RockPaperScissorsLizardSpock/Preview Content\"";
				DEVELOPMENT_TEAM = FG6BFSTBUF;
				ENABLE_PREVIEWS = YES;
				INFOPLIST_FILE = RockPaperScissorsLizardSpock/Info.plist;
				LD_RUNPATH_SEARCH_PATHS = (
					"$(inherited)",
					"@executable_path/Frameworks",
				);
				PRODUCT_BUNDLE_IDENTIFIER = com.jessicalewinter.RockPaperScissorsLizardSpock;
				PRODUCT_NAME = "$(TARGET_NAME)";
				SWIFT_VERSION = 5.0;
				TARGETED_DEVICE_FAMILY = "1,2";
			};
			name = Debug;
		};
		095DEE8823D014A9008E17AE /* Release */ = {
			isa = XCBuildConfiguration;
			buildSettings = {
				ASSETCATALOG_COMPILER_APPICON_NAME = AppIcon;
				CODE_SIGN_STYLE = Automatic;
				DEVELOPMENT_ASSET_PATHS = "\"RockPaperScissorsLizardSpock/Preview Content\"";
				DEVELOPMENT_TEAM = FG6BFSTBUF;
				ENABLE_PREVIEWS = YES;
				INFOPLIST_FILE = RockPaperScissorsLizardSpock/Info.plist;
				LD_RUNPATH_SEARCH_PATHS = (
					"$(inherited)",
					"@executable_path/Frameworks",
				);
				PRODUCT_BUNDLE_IDENTIFIER = com.jessicalewinter.RockPaperScissorsLizardSpock;
				PRODUCT_NAME = "$(TARGET_NAME)";
				SWIFT_VERSION = 5.0;
				TARGETED_DEVICE_FAMILY = "1,2";
			};
			name = Release;
		};
/* End XCBuildConfiguration section */

/* Begin XCConfigurationList section */
		095DEE6D23D014A7008E17AE /* Build configuration list for PBXProject "RockPaperScissorsLizardSpock" */ = {
			isa = XCConfigurationList;
			buildConfigurations = (
				095DEE8423D014A9008E17AE /* Debug */,
				095DEE8523D014A9008E17AE /* Release */,
			);
			defaultConfigurationIsVisible = 0;
			defaultConfigurationName = Release;
		};
		095DEE8623D014A9008E17AE /* Build configuration list for PBXNativeTarget "RockPaperScissorsLizardSpock" */ = {
			isa = XCConfigurationList;
			buildConfigurations = (
				095DEE8723D014A9008E17AE /* Debug */,
				095DEE8823D014A9008E17AE /* Release */,
			);
			defaultConfigurationIsVisible = 0;
			defaultConfigurationName = Release;
		};
/* End XCConfigurationList section */
	};
	rootObject = 095DEE6A23D014A7008E17AE /* Project object */;
}
