// !$*UTF8*$!
{
	archiveVersion = 1;
	classes = {
	};
	objectVersion = 50;
	objects = {

/* Begin PBXBuildFile section */
		09FD938924A22C1200651DA6 /* AppDelegate.swift in Sources */ = {isa = PBXBuildFile; fileRef = 09FD938824A22C1200651DA6 /* AppDelegate.swift */; };
		09FD938B24A22C1200651DA6 /* SceneDelegate.swift in Sources */ = {isa = PBXBuildFile; fileRef = 09FD938A24A22C1200651DA6 /* SceneDelegate.swift */; };
		09FD938D24A22C1200651DA6 /* ViewController.swift in Sources */ = {isa = PBXBuildFile; fileRef = 09FD938C24A22C1200651DA6 /* ViewController.swift */; };
		09FD939024A22C1200651DA6 /* Main.storyboard in Resources */ = {isa = PBXBuildFile; fileRef = 09FD938E24A22C1200651DA6 /* Main.storyboard */; };
		09FD939224A22C1400651DA6 /* Assets.xcassets in Resources */ = {isa = PBXBuildFile; fileRef = 09FD939124A22C1400651DA6 /* Assets.xcassets */; };
		09FD939524A22C1400651DA6 /* LaunchScreen.storyboard in Resources */ = {isa = PBXBuildFile; fileRef = 09FD939324A22C1400651DA6 /* LaunchScreen.storyboard */; };
		09FD93A024A22C1400651DA6 /* TestUIKitAppTests.swift in Sources */ = {isa = PBXBuildFile; fileRef = 09FD939F24A22C1400651DA6 /* TestUIKitAppTests.swift */; };
		09FD93AB24A22C1400651DA6 /* TestUIKitAppUITests.swift in Sources */ = {isa = PBXBuildFile; fileRef = 09FD93AA24A22C1400651DA6 /* TestUIKitAppUITests.swift */; };
/* End PBXBuildFile section */

/* Begin PBXContainerItemProxy section */
		09FD939C24A22C1400651DA6 /* PBXContainerItemProxy */ = {
			isa = PBXContainerItemProxy;
			containerPortal = 09FD937D24A22C1200651DA6 /* Project object */;
			proxyType = 1;
			remoteGlobalIDString = 09FD938424A22C1200651DA6;
			remoteInfo = TestUIKitApp;
		};
		09FD93A724A22C1400651DA6 /* PBXContainerItemProxy */ = {
			isa = PBXContainerItemProxy;
			containerPortal = 09FD937D24A22C1200651DA6 /* Project object */;
			proxyType = 1;
			remoteGlobalIDString = 09FD938424A22C1200651DA6;
			remoteInfo = TestUIKitApp;
		};
/* End PBXContainerItemProxy section */

/* Begin PBXFileReference section */
		09FD938524A22C1200651DA6 /* TestUIKitApp.app */ = {isa = PBXFileReference; explicitFileType = wrapper.application; includeInIndex = 0; path = TestUIKitApp.app; sourceTree = BUILT_PRODUCTS_DIR; };
		09FD938824A22C1200651DA6 /* AppDelegate.swift */ = {isa = PBXFileReference; lastKnownFileType = sourcecode.swift; path = AppDelegate.swift; sourceTree = "<group>"; };
		09FD938A24A22C1200651DA6 /* SceneDelegate.swift */ = {isa = PBXFileReference; lastKnownFileType = sourcecode.swift; path = SceneDelegate.swift; sourceTree = "<group>"; };
		09FD938C24A22C1200651DA6 /* ViewController.swift */ = {isa = PBXFileReference; lastKnownFileType = sourcecode.swift; path = ViewController.swift; sourceTree = "<group>"; };
		09FD938F24A22C1200651DA6 /* Base */ = {isa = PBXFileReference; lastKnownFileType = file.storyboard; name = Base; path = Base.lproj/Main.storyboard; sourceTree = "<group>"; };
		09FD939124A22C1400651DA6 /* Assets.xcassets */ = {isa = PBXFileReference; lastKnownFileType = folder.assetcatalog; path = Assets.xcassets; sourceTree = "<group>"; };
		09FD939424A22C1400651DA6 /* Base */ = {isa = PBXFileReference; lastKnownFileType = file.storyboard; name = Base; path = Base.lproj/LaunchScreen.storyboard; sourceTree = "<group>"; };
		09FD939624A22C1400651DA6 /* Info.plist */ = {isa = PBXFileReference; lastKnownFileType = text.plist.xml; path = Info.plist; sourceTree = "<group>"; };
		09FD939B24A22C1400651DA6 /* TestUIKitAppTests.xctest */ = {isa = PBXFileReference; explicitFileType = wrapper.cfbundle; includeInIndex = 0; path = TestUIKitAppTests.xctest; sourceTree = BUILT_PRODUCTS_DIR; };
		09FD939F24A22C1400651DA6 /* TestUIKitAppTests.swift */ = {isa = PBXFileReference; lastKnownFileType = sourcecode.swift; path = TestUIKitAppTests.swift; sourceTree = "<group>"; };
		09FD93A124A22C1400651DA6 /* Info.plist */ = {isa = PBXFileReference; lastKnownFileType = text.plist.xml; path = Info.plist; sourceTree = "<group>"; };
		09FD93A624A22C1400651DA6 /* TestUIKitAppUITests.xctest */ = {isa = PBXFileReference; explicitFileType = wrapper.cfbundle; includeInIndex = 0; path = TestUIKitAppUITests.xctest; sourceTree = BUILT_PRODUCTS_DIR; };
		09FD93AA24A22C1400651DA6 /* TestUIKitAppUITests.swift */ = {isa = PBXFileReference; lastKnownFileType = sourcecode.swift; path = TestUIKitAppUITests.swift; sourceTree = "<group>"; };
		09FD93AC24A22C1400651DA6 /* Info.plist */ = {isa = PBXFileReference; lastKnownFileType = text.plist.xml; path = Info.plist; sourceTree = "<group>"; };
/* End PBXFileReference section */

/* Begin PBXFrameworksBuildPhase section */
		09FD938224A22C1200651DA6 /* Frameworks */ = {
			isa = PBXFrameworksBuildPhase;
			buildActionMask = 2147483647;
			files = (
			);
			runOnlyForDeploymentPostprocessing = 0;
		};
		09FD939824A22C1400651DA6 /* Frameworks */ = {
			isa = PBXFrameworksBuildPhase;
			buildActionMask = 2147483647;
			files = (
			);
			runOnlyForDeploymentPostprocessing = 0;
		};
		09FD93A324A22C1400651DA6 /* Frameworks */ = {
			isa = PBXFrameworksBuildPhase;
			buildActionMask = 2147483647;
			files = (
			);
			runOnlyForDeploymentPostprocessing = 0;
		};
/* End PBXFrameworksBuildPhase section */

/* Begin PBXGroup section */
		09FD937C24A22C1200651DA6 = {
			isa = PBXGroup;
			children = (
				09FD938724A22C1200651DA6 /* TestUIKitApp */,
				09FD939E24A22C1400651DA6 /* TestUIKitAppTests */,
				09FD93A924A22C1400651DA6 /* TestUIKitAppUITests */,
				09FD938624A22C1200651DA6 /* Products */,
			);
			sourceTree = "<group>";
		};
		09FD938624A22C1200651DA6 /* Products */ = {
			isa = PBXGroup;
			children = (
				09FD938524A22C1200651DA6 /* TestUIKitApp.app */,
				09FD939B24A22C1400651DA6 /* TestUIKitAppTests.xctest */,
				09FD93A624A22C1400651DA6 /* TestUIKitAppUITests.xctest */,
			);
			name = Products;
			sourceTree = "<group>";
		};
		09FD938724A22C1200651DA6 /* TestUIKitApp */ = {
			isa = PBXGroup;
			children = (
				09FD938824A22C1200651DA6 /* AppDelegate.swift */,
				09FD938A24A22C1200651DA6 /* SceneDelegate.swift */,
				09FD938C24A22C1200651DA6 /* ViewController.swift */,
				09FD938E24A22C1200651DA6 /* Main.storyboard */,
				09FD939124A22C1400651DA6 /* Assets.xcassets */,
				09FD939324A22C1400651DA6 /* LaunchScreen.storyboard */,
				09FD939624A22C1400651DA6 /* Info.plist */,
			);
			path = TestUIKitApp;
			sourceTree = "<group>";
		};
		09FD939E24A22C1400651DA6 /* TestUIKitAppTests */ = {
			isa = PBXGroup;
			children = (
				09FD939F24A22C1400651DA6 /* TestUIKitAppTests.swift */,
				09FD93A124A22C1400651DA6 /* Info.plist */,
			);
			path = TestUIKitAppTests;
			sourceTree = "<group>";
		};
		09FD93A924A22C1400651DA6 /* TestUIKitAppUITests */ = {
			isa = PBXGroup;
			children = (
				09FD93AA24A22C1400651DA6 /* TestUIKitAppUITests.swift */,
				09FD93AC24A22C1400651DA6 /* Info.plist */,
			);
			path = TestUIKitAppUITests;
			sourceTree = "<group>";
		};
/* End PBXGroup section */

/* Begin PBXNativeTarget section */
		09FD938424A22C1200651DA6 /* TestUIKitApp */ = {
			isa = PBXNativeTarget;
			buildConfigurationList = 09FD93AF24A22C1400651DA6 /* Build configuration list for PBXNativeTarget "TestUIKitApp" */;
			buildPhases = (
				09FD938124A22C1200651DA6 /* Sources */,
				09FD938224A22C1200651DA6 /* Frameworks */,
				09FD938324A22C1200651DA6 /* Resources */,
			);
			buildRules = (
			);
			dependencies = (
			);
			name = TestUIKitApp;
			productName = TestUIKitApp;
			productReference = 09FD938524A22C1200651DA6 /* TestUIKitApp.app */;
			productType = "com.apple.product-type.application";
		};
		09FD939A24A22C1400651DA6 /* TestUIKitAppTests */ = {
			isa = PBXNativeTarget;
			buildConfigurationList = 09FD93B224A22C1400651DA6 /* Build configuration list for PBXNativeTarget "TestUIKitAppTests" */;
			buildPhases = (
				09FD939724A22C1400651DA6 /* Sources */,
				09FD939824A22C1400651DA6 /* Frameworks */,
				09FD939924A22C1400651DA6 /* Resources */,
			);
			buildRules = (
			);
			dependencies = (
				09FD939D24A22C1400651DA6 /* PBXTargetDependency */,
			);
			name = TestUIKitAppTests;
			productName = TestUIKitAppTests;
			productReference = 09FD939B24A22C1400651DA6 /* TestUIKitAppTests.xctest */;
			productType = "com.apple.product-type.bundle.unit-test";
		};
		09FD93A524A22C1400651DA6 /* TestUIKitAppUITests */ = {
			isa = PBXNativeTarget;
			buildConfigurationList = 09FD93B524A22C1400651DA6 /* Build configuration list for PBXNativeTarget "TestUIKitAppUITests" */;
			buildPhases = (
				09FD93A224A22C1400651DA6 /* Sources */,
				09FD93A324A22C1400651DA6 /* Frameworks */,
				09FD93A424A22C1400651DA6 /* Resources */,
			);
			buildRules = (
			);
			dependencies = (
				09FD93A824A22C1400651DA6 /* PBXTargetDependency */,
			);
			name = TestUIKitAppUITests;
			productName = TestUIKitAppUITests;
			productReference = 09FD93A624A22C1400651DA6 /* TestUIKitAppUITests.xctest */;
			productType = "com.apple.product-type.bundle.ui-testing";
		};
/* End PBXNativeTarget section */

/* Begin PBXProject section */
		09FD937D24A22C1200651DA6 /* Project object */ = {
			isa = PBXProject;
			attributes = {
				LastSwiftUpdateCheck = 1200;
				LastUpgradeCheck = 1200;
				TargetAttributes = {
					09FD938424A22C1200651DA6 = {
						CreatedOnToolsVersion = 12.0;
					};
					09FD939A24A22C1400651DA6 = {
						CreatedOnToolsVersion = 12.0;
						TestTargetID = 09FD938424A22C1200651DA6;
					};
					09FD93A524A22C1400651DA6 = {
						CreatedOnToolsVersion = 12.0;
						TestTargetID = 09FD938424A22C1200651DA6;
					};
				};
			};
			buildConfigurationList = 09FD938024A22C1200651DA6 /* Build configuration list for PBXProject "TestUIKitApp" */;
			compatibilityVersion = "Xcode 9.3";
			developmentRegion = en;
			hasScannedForEncodings = 0;
			knownRegions = (
				en,
				Base,
			);
			mainGroup = 09FD937C24A22C1200651DA6;
			productRefGroup = 09FD938624A22C1200651DA6 /* Products */;
			projectDirPath = "";
			projectRoot = "";
			targets = (
				09FD938424A22C1200651DA6 /* TestUIKitApp */,
				09FD939A24A22C1400651DA6 /* TestUIKitAppTests */,
				09FD93A524A22C1400651DA6 /* TestUIKitAppUITests */,
			);
		};
/* End PBXProject section */

/* Begin PBXResourcesBuildPhase section */
		09FD938324A22C1200651DA6 /* Resources */ = {
			isa = PBXResourcesBuildPhase;
			buildActionMask = 2147483647;
			files = (
				09FD939524A22C1400651DA6 /* LaunchScreen.storyboard in Resources */,
				09FD939224A22C1400651DA6 /* Assets.xcassets in Resources */,
				09FD939024A22C1200651DA6 /* Main.storyboard in Resources */,
			);
			runOnlyForDeploymentPostprocessing = 0;
		};
		09FD939924A22C1400651DA6 /* Resources */ = {
			isa = PBXResourcesBuildPhase;
			buildActionMask = 2147483647;
			files = (
			);
			runOnlyForDeploymentPostprocessing = 0;
		};
		09FD93A424A22C1400651DA6 /* Resources */ = {
			isa = PBXResourcesBuildPhase;
			buildActionMask = 2147483647;
			files = (
			);
			runOnlyForDeploymentPostprocessing = 0;
		};
/* End PBXResourcesBuildPhase section */

/* Begin PBXSourcesBuildPhase section */
		09FD938124A22C1200651DA6 /* Sources */ = {
			isa = PBXSourcesBuildPhase;
			buildActionMask = 2147483647;
			files = (
				09FD938D24A22C1200651DA6 /* ViewController.swift in Sources */,
				09FD938924A22C1200651DA6 /* AppDelegate.swift in Sources */,
				09FD938B24A22C1200651DA6 /* SceneDelegate.swift in Sources */,
			);
			runOnlyForDeploymentPostprocessing = 0;
		};
		09FD939724A22C1400651DA6 /* Sources */ = {
			isa = PBXSourcesBuildPhase;
			buildActionMask = 2147483647;
			files = (
				09FD93A024A22C1400651DA6 /* TestUIKitAppTests.swift in Sources */,
			);
			runOnlyForDeploymentPostprocessing = 0;
		};
		09FD93A224A22C1400651DA6 /* Sources */ = {
			isa = PBXSourcesBuildPhase;
			buildActionMask = 2147483647;
			files = (
				09FD93AB24A22C1400651DA6 /* TestUIKitAppUITests.swift in Sources */,
			);
			runOnlyForDeploymentPostprocessing = 0;
		};
/* End PBXSourcesBuildPhase section */

/* Begin PBXTargetDependency section */
		09FD939D24A22C1400651DA6 /* PBXTargetDependency */ = {
			isa = PBXTargetDependency;
			target = 09FD938424A22C1200651DA6 /* TestUIKitApp */;
			targetProxy = 09FD939C24A22C1400651DA6 /* PBXContainerItemProxy */;
		};
		09FD93A824A22C1400651DA6 /* PBXTargetDependency */ = {
			isa = PBXTargetDependency;
			target = 09FD938424A22C1200651DA6 /* TestUIKitApp */;
			targetProxy = 09FD93A724A22C1400651DA6 /* PBXContainerItemProxy */;
		};
/* End PBXTargetDependency section */

/* Begin PBXVariantGroup section */
		09FD938E24A22C1200651DA6 /* Main.storyboard */ = {
			isa = PBXVariantGroup;
			children = (
				09FD938F24A22C1200651DA6 /* Base */,
			);
			name = Main.storyboard;
			sourceTree = "<group>";
		};
		09FD939324A22C1400651DA6 /* LaunchScreen.storyboard */ = {
			isa = PBXVariantGroup;
			children = (
				09FD939424A22C1400651DA6 /* Base */,
			);
			name = LaunchScreen.storyboard;
			sourceTree = "<group>";
		};
/* End PBXVariantGroup section */

/* Begin XCBuildConfiguration section */
		09FD93AD24A22C1400651DA6 /* Debug */ = {
			isa = XCBuildConfiguration;
			buildSettings = {
				ALWAYS_SEARCH_USER_PATHS = NO;
				CLANG_ANALYZER_NONNULL = YES;
				CLANG_ANALYZER_NUMBER_OBJECT_CONVERSION = YES_AGGRESSIVE;
				CLANG_CXX_LANGUAGE_STANDARD = "gnu++14";
				CLANG_CXX_LIBRARY = "libc++";
				CLANG_ENABLE_MODULES = YES;
				CLANG_ENABLE_OBJC_ARC = YES;
				CLANG_ENABLE_OBJC_WEAK = YES;
				CLANG_WARN_BLOCK_CAPTURE_AUTORELEASING = YES;
				CLANG_WARN_BOOL_CONVERSION = YES;
				CLANG_WARN_COMMA = YES;
				CLANG_WARN_CONSTANT_CONVERSION = YES;
				CLANG_WARN_DEPRECATED_OBJC_IMPLEMENTATIONS = YES;
				CLANG_WARN_DIRECT_OBJC_ISA_USAGE = YES_ERROR;
				CLANG_WARN_DOCUMENTATION_COMMENTS = YES;
				CLANG_WARN_EMPTY_BODY = YES;
				CLANG_WARN_ENUM_CONVERSION = YES;
				CLANG_WARN_INFINITE_RECURSION = YES;
				CLANG_WARN_INT_CONVERSION = YES;
				CLANG_WARN_NON_LITERAL_NULL_CONVERSION = YES;
				CLANG_WARN_OBJC_IMPLICIT_RETAIN_SELF = YES;
				CLANG_WARN_OBJC_LITERAL_CONVERSION = YES;
				CLANG_WARN_OBJC_ROOT_CLASS = YES_ERROR;
				CLANG_WARN_QUOTED_INCLUDE_IN_FRAMEWORK_HEADER = YES;
				CLANG_WARN_RANGE_LOOP_ANALYSIS = YES;
				CLANG_WARN_STRICT_PROTOTYPES = YES;
				CLANG_WARN_SUSPICIOUS_MOVE = YES;
				CLANG_WARN_UNGUARDED_AVAILABILITY = YES_AGGRESSIVE;
				CLANG_WARN_UNREACHABLE_CODE = YES;
				CLANG_WARN__DUPLICATE_METHOD_MATCH = YES;
				COPY_PHASE_STRIP = NO;
				DEBUG_INFORMATION_FORMAT = dwarf;
				ENABLE_STRICT_OBJC_MSGSEND = YES;
				ENABLE_TESTABILITY = YES;
				GCC_C_LANGUAGE_STANDARD = gnu11;
				GCC_DYNAMIC_NO_PIC = NO;
				GCC_NO_COMMON_BLOCKS = YES;
				GCC_OPTIMIZATION_LEVEL = 0;
				GCC_PREPROCESSOR_DEFINITIONS = (
					"DEBUG=1",
					"$(inherited)",
				);
				GCC_WARN_64_TO_32_BIT_CONVERSION = YES;
				GCC_WARN_ABOUT_RETURN_TYPE = YES_ERROR;
				GCC_WARN_UNDECLARED_SELECTOR = YES;
				GCC_WARN_UNINITIALIZED_AUTOS = YES_AGGRESSIVE;
				GCC_WARN_UNUSED_FUNCTION = YES;
				GCC_WARN_UNUSED_VARIABLE = YES;
				IPHONEOS_DEPLOYMENT_TARGET = 14.0;
				MTL_ENABLE_DEBUG_INFO = INCLUDE_SOURCE;
				MTL_FAST_MATH = YES;
				ONLY_ACTIVE_ARCH = YES;
				SDKROOT = iphoneos;
				SWIFT_ACTIVE_COMPILATION_CONDITIONS = DEBUG;
				SWIFT_OPTIMIZATION_LEVEL = "-Onone";
			};
			name = Debug;
		};
		09FD93AE24A22C1400651DA6 /* Release */ = {
			isa = XCBuildConfiguration;
			buildSettings = {
				ALWAYS_SEARCH_USER_PATHS = NO;
				CLANG_ANALYZER_NONNULL = YES;
				CLANG_ANALYZER_NUMBER_OBJECT_CONVERSION = YES_AGGRESSIVE;
				CLANG_CXX_LANGUAGE_STANDARD = "gnu++14";
				CLANG_CXX_LIBRARY = "libc++";
				CLANG_ENABLE_MODULES = YES;
				CLANG_ENABLE_OBJC_ARC = YES;
				CLANG_ENABLE_OBJC_WEAK = YES;
				CLANG_WARN_BLOCK_CAPTURE_AUTORELEASING = YES;
				CLANG_WARN_BOOL_CONVERSION = YES;
				CLANG_WARN_COMMA = YES;
				CLANG_WARN_CONSTANT_CONVERSION = YES;
				CLANG_WARN_DEPRECATED_OBJC_IMPLEMENTATIONS = YES;
				CLANG_WARN_DIRECT_OBJC_ISA_USAGE = YES_ERROR;
				CLANG_WARN_DOCUMENTATION_COMMENTS = YES;
				CLANG_WARN_EMPTY_BODY = YES;
				CLANG_WARN_ENUM_CONVERSION = YES;
				CLANG_WARN_INFINITE_RECURSION = YES;
				CLANG_WARN_INT_CONVERSION = YES;
				CLANG_WARN_NON_LITERAL_NULL_CONVERSION = YES;
				CLANG_WARN_OBJC_IMPLICIT_RETAIN_SELF = YES;
				CLANG_WARN_OBJC_LITERAL_CONVERSION = YES;
				CLANG_WARN_OBJC_ROOT_CLASS = YES_ERROR;
				CLANG_WARN_QUOTED_INCLUDE_IN_FRAMEWORK_HEADER = YES;
				CLANG_WARN_RANGE_LOOP_ANALYSIS = YES;
				CLANG_WARN_STRICT_PROTOTYPES = YES;
				CLANG_WARN_SUSPICIOUS_MOVE = YES;
				CLANG_WARN_UNGUARDED_AVAILABILITY = YES_AGGRESSIVE;
				CLANG_WARN_UNREACHABLE_CODE = YES;
				CLANG_WARN__DUPLICATE_METHOD_MATCH = YES;
				COPY_PHASE_STRIP = NO;
				DEBUG_INFORMATION_FORMAT = "dwarf-with-dsym";
				ENABLE_NS_ASSERTIONS = NO;
				ENABLE_STRICT_OBJC_MSGSEND = YES;
				GCC_C_LANGUAGE_STANDARD = gnu11;
				GCC_NO_COMMON_BLOCKS = YES;
				GCC_WARN_64_TO_32_BIT_CONVERSION = YES;
				GCC_WARN_ABOUT_RETURN_TYPE = YES_ERROR;
				GCC_WARN_UNDECLARED_SELECTOR = YES;
				GCC_WARN_UNINITIALIZED_AUTOS = YES_AGGRESSIVE;
				GCC_WARN_UNUSED_FUNCTION = YES;
				GCC_WARN_UNUSED_VARIABLE = YES;
				IPHONEOS_DEPLOYMENT_TARGET = 14.0;
				MTL_ENABLE_DEBUG_INFO = NO;
				MTL_FAST_MATH = YES;
				SDKROOT = iphoneos;
				SWIFT_COMPILATION_MODE = wholemodule;
				SWIFT_OPTIMIZATION_LEVEL = "-O";
				VALIDATE_PRODUCT = YES;
			};
			name = Release;
		};
		09FD93B024A22C1400651DA6 /* Debug */ = {
			isa = XCBuildConfiguration;
			buildSettings = {
				ASSETCATALOG_COMPILER_APPICON_NAME = AppIcon;
				ASSETCATALOG_COMPILER_GLOBAL_ACCENT_COLOR_NAME = AccentColor;
				CODE_SIGN_STYLE = Automatic;
				DEVELOPMENT_TEAM = FG6BFSTBUF;
				INFOPLIST_FILE = TestUIKitApp/Info.plist;
				LD_RUNPATH_SEARCH_PATHS = (
					"$(inherited)",
					"@executable_path/Frameworks",
				);
				PRODUCT_BUNDLE_IDENTIFIER = com.jessicalewinter.TestUIKitApp;
				PRODUCT_NAME = "$(TARGET_NAME)";
				SWIFT_VERSION = 5.0;
				TARGETED_DEVICE_FAMILY = "1,2";
			};
			name = Debug;
		};
		09FD93B124A22C1400651DA6 /* Release */ = {
			isa = XCBuildConfiguration;
			buildSettings = {
				ASSETCATALOG_COMPILER_APPICON_NAME = AppIcon;
				ASSETCATALOG_COMPILER_GLOBAL_ACCENT_COLOR_NAME = AccentColor;
				CODE_SIGN_STYLE = Automatic;
				DEVELOPMENT_TEAM = FG6BFSTBUF;
				INFOPLIST_FILE = TestUIKitApp/Info.plist;
				LD_RUNPATH_SEARCH_PATHS = (
					"$(inherited)",
					"@executable_path/Frameworks",
				);
				PRODUCT_BUNDLE_IDENTIFIER = com.jessicalewinter.TestUIKitApp;
				PRODUCT_NAME = "$(TARGET_NAME)";
				SWIFT_VERSION = 5.0;
				TARGETED_DEVICE_FAMILY = "1,2";
			};
			name = Release;
		};
		09FD93B324A22C1400651DA6 /* Debug */ = {
			isa = XCBuildConfiguration;
			buildSettings = {
				ALWAYS_EMBED_SWIFT_STANDARD_LIBRARIES = YES;
				BUNDLE_LOADER = "$(TEST_HOST)";
				CODE_SIGN_STYLE = Automatic;
				DEVELOPMENT_TEAM = FG6BFSTBUF;
				INFOPLIST_FILE = TestUIKitAppTests/Info.plist;
				IPHONEOS_DEPLOYMENT_TARGET = 14.0;
				LD_RUNPATH_SEARCH_PATHS = (
					"$(inherited)",
					"@executable_path/Frameworks",
					"@loader_path/Frameworks",
				);
				PRODUCT_BUNDLE_IDENTIFIER = com.jessicalewinter.TestUIKitAppTests;
				PRODUCT_NAME = "$(TARGET_NAME)";
				SWIFT_VERSION = 5.0;
				TARGETED_DEVICE_FAMILY = "1,2";
				TEST_HOST = "$(BUILT_PRODUCTS_DIR)/TestUIKitApp.app/TestUIKitApp";
			};
			name = Debug;
		};
		09FD93B424A22C1400651DA6 /* Release */ = {
			isa = XCBuildConfiguration;
			buildSettings = {
				ALWAYS_EMBED_SWIFT_STANDARD_LIBRARIES = YES;
				BUNDLE_LOADER = "$(TEST_HOST)";
				CODE_SIGN_STYLE = Automatic;
				DEVELOPMENT_TEAM = FG6BFSTBUF;
				INFOPLIST_FILE = TestUIKitAppTests/Info.plist;
				IPHONEOS_DEPLOYMENT_TARGET = 14.0;
				LD_RUNPATH_SEARCH_PATHS = (
					"$(inherited)",
					"@executable_path/Frameworks",
					"@loader_path/Frameworks",
				);
				PRODUCT_BUNDLE_IDENTIFIER = com.jessicalewinter.TestUIKitAppTests;
				PRODUCT_NAME = "$(TARGET_NAME)";
				SWIFT_VERSION = 5.0;
				TARGETED_DEVICE_FAMILY = "1,2";
				TEST_HOST = "$(BUILT_PRODUCTS_DIR)/TestUIKitApp.app/TestUIKitApp";
			};
			name = Release;
		};
		09FD93B624A22C1400651DA6 /* Debug */ = {
			isa = XCBuildConfiguration;
			buildSettings = {
				ALWAYS_EMBED_SWIFT_STANDARD_LIBRARIES = YES;
				CODE_SIGN_STYLE = Automatic;
				DEVELOPMENT_TEAM = FG6BFSTBUF;
				INFOPLIST_FILE = TestUIKitAppUITests/Info.plist;
				LD_RUNPATH_SEARCH_PATHS = (
					"$(inherited)",
					"@executable_path/Frameworks",
					"@loader_path/Frameworks",
				);
				PRODUCT_BUNDLE_IDENTIFIER = com.jessicalewinter.TestUIKitAppUITests;
				PRODUCT_NAME = "$(TARGET_NAME)";
				SWIFT_VERSION = 5.0;
				TARGETED_DEVICE_FAMILY = "1,2";
				TEST_TARGET_NAME = TestUIKitApp;
			};
			name = Debug;
		};
		09FD93B724A22C1400651DA6 /* Release */ = {
			isa = XCBuildConfiguration;
			buildSettings = {
				ALWAYS_EMBED_SWIFT_STANDARD_LIBRARIES = YES;
				CODE_SIGN_STYLE = Automatic;
				DEVELOPMENT_TEAM = FG6BFSTBUF;
				INFOPLIST_FILE = TestUIKitAppUITests/Info.plist;
				LD_RUNPATH_SEARCH_PATHS = (
					"$(inherited)",
					"@executable_path/Frameworks",
					"@loader_path/Frameworks",
				);
				PRODUCT_BUNDLE_IDENTIFIER = com.jessicalewinter.TestUIKitAppUITests;
				PRODUCT_NAME = "$(TARGET_NAME)";
				SWIFT_VERSION = 5.0;
				TARGETED_DEVICE_FAMILY = "1,2";
				TEST_TARGET_NAME = TestUIKitApp;
			};
			name = Release;
		};
/* End XCBuildConfiguration section */

/* Begin XCConfigurationList section */
		09FD938024A22C1200651DA6 /* Build configuration list for PBXProject "TestUIKitApp" */ = {
			isa = XCConfigurationList;
			buildConfigurations = (
				09FD93AD24A22C1400651DA6 /* Debug */,
				09FD93AE24A22C1400651DA6 /* Release */,
			);
			defaultConfigurationIsVisible = 0;
			defaultConfigurationName = Release;
		};
		09FD93AF24A22C1400651DA6 /* Build configuration list for PBXNativeTarget "TestUIKitApp" */ = {
			isa = XCConfigurationList;
			buildConfigurations = (
				09FD93B024A22C1400651DA6 /* Debug */,
				09FD93B124A22C1400651DA6 /* Release */,
			);
			defaultConfigurationIsVisible = 0;
			defaultConfigurationName = Release;
		};
		09FD93B224A22C1400651DA6 /* Build configuration list for PBXNativeTarget "TestUIKitAppTests" */ = {
			isa = XCConfigurationList;
			buildConfigurations = (
				09FD93B324A22C1400651DA6 /* Debug */,
				09FD93B424A22C1400651DA6 /* Release */,
			);
			defaultConfigurationIsVisible = 0;
			defaultConfigurationName = Release;
		};
		09FD93B524A22C1400651DA6 /* Build configuration list for PBXNativeTarget "TestUIKitAppUITests" */ = {
			isa = XCConfigurationList;
			buildConfigurations = (
				09FD93B624A22C1400651DA6 /* Debug */,
				09FD93B724A22C1400651DA6 /* Release */,
			);
			defaultConfigurationIsVisible = 0;
			defaultConfigurationName = Release;
		};
/* End XCConfigurationList section */
	};
	rootObject = 09FD937D24A22C1200651DA6 /* Project object */;
}
