// !$*UTF8*$!
{
	archiveVersion = 1;
	classes = {
	};
	objectVersion = 50;
	objects = {

/* Begin PBXBuildFile section */
		0976739F249BAA0900A94376 /* AppDelegate.swift in Sources */ = {isa = PBXBuildFile; fileRef = 0976739E249BAA0900A94376 /* AppDelegate.swift */; };
		097673A1249BAA0900A94376 /* SceneDelegate.swift in Sources */ = {isa = PBXBuildFile; fileRef = 097673A0249BAA0900A94376 /* SceneDelegate.swift */; };
		097673A4249BAA0900A94376 /* CuteUI.xcdatamodeld in Sources */ = {isa = PBXBuildFile; fileRef = 097673A2249BAA0900A94376 /* CuteUI.xcdatamodeld */; };
		097673A6249BAA0900A94376 /* ContentView.swift in Sources */ = {isa = PBXBuildFile; fileRef = 097673A5249BAA0900A94376 /* ContentView.swift */; };
		097673A8249BAA1100A94376 /* Assets.xcassets in Resources */ = {isa = PBXBuildFile; fileRef = 097673A7249BAA1100A94376 /* Assets.xcassets */; };
		097673AB249BAA1100A94376 /* Preview Assets.xcassets in Resources */ = {isa = PBXBuildFile; fileRef = 097673AA249BAA1100A94376 /* Preview Assets.xcassets */; };
		097673AE249BAA1100A94376 /* LaunchScreen.storyboard in Resources */ = {isa = PBXBuildFile; fileRef = 097673AC249BAA1100A94376 /* LaunchScreen.storyboard */; };
		097673B9249BAA1100A94376 /* CuteUITests.swift in Sources */ = {isa = PBXBuildFile; fileRef = 097673B8249BAA1100A94376 /* CuteUITests.swift */; };
		097673C4249BAA1100A94376 /* CuteUIUITests.swift in Sources */ = {isa = PBXBuildFile; fileRef = 097673C3249BAA1100A94376 /* CuteUIUITests.swift */; };
/* End PBXBuildFile section */

/* Begin PBXContainerItemProxy section */
		097673B5249BAA1100A94376 /* PBXContainerItemProxy */ = {
			isa = PBXContainerItemProxy;
			containerPortal = 09767393249BAA0900A94376 /* Project object */;
			proxyType = 1;
			remoteGlobalIDString = 0976739A249BAA0900A94376;
			remoteInfo = CuteUI;
		};
		097673C0249BAA1100A94376 /* PBXContainerItemProxy */ = {
			isa = PBXContainerItemProxy;
			containerPortal = 09767393249BAA0900A94376 /* Project object */;
			proxyType = 1;
			remoteGlobalIDString = 0976739A249BAA0900A94376;
			remoteInfo = CuteUI;
		};
/* End PBXContainerItemProxy section */

/* Begin PBXFileReference section */
		0976739B249BAA0900A94376 /* CuteUI.app */ = {isa = PBXFileReference; explicitFileType = wrapper.application; includeInIndex = 0; path = CuteUI.app; sourceTree = BUILT_PRODUCTS_DIR; };
		0976739E249BAA0900A94376 /* AppDelegate.swift */ = {isa = PBXFileReference; lastKnownFileType = sourcecode.swift; path = AppDelegate.swift; sourceTree = "<group>"; };
		097673A0249BAA0900A94376 /* SceneDelegate.swift */ = {isa = PBXFileReference; lastKnownFileType = sourcecode.swift; path = SceneDelegate.swift; sourceTree = "<group>"; };
		097673A3249BAA0900A94376 /* CuteUI.xcdatamodel */ = {isa = PBXFileReference; lastKnownFileType = wrapper.xcdatamodel; path = CuteUI.xcdatamodel; sourceTree = "<group>"; };
		097673A5249BAA0900A94376 /* ContentView.swift */ = {isa = PBXFileReference; lastKnownFileType = sourcecode.swift; path = ContentView.swift; sourceTree = "<group>"; };
		097673A7249BAA1100A94376 /* Assets.xcassets */ = {isa = PBXFileReference; lastKnownFileType = folder.assetcatalog; path = Assets.xcassets; sourceTree = "<group>"; };
		097673AA249BAA1100A94376 /* Preview Assets.xcassets */ = {isa = PBXFileReference; lastKnownFileType = folder.assetcatalog; path = "Preview Assets.xcassets"; sourceTree = "<group>"; };
		097673AD249BAA1100A94376 /* Base */ = {isa = PBXFileReference; lastKnownFileType = file.storyboard; name = Base; path = Base.lproj/LaunchScreen.storyboard; sourceTree = "<group>"; };
		097673AF249BAA1100A94376 /* Info.plist */ = {isa = PBXFileReference; lastKnownFileType = text.plist.xml; path = Info.plist; sourceTree = "<group>"; };
		097673B4249BAA1100A94376 /* CuteUITests.xctest */ = {isa = PBXFileReference; explicitFileType = wrapper.cfbundle; includeInIndex = 0; path = CuteUITests.xctest; sourceTree = BUILT_PRODUCTS_DIR; };
		097673B8249BAA1100A94376 /* CuteUITests.swift */ = {isa = PBXFileReference; lastKnownFileType = sourcecode.swift; path = CuteUITests.swift; sourceTree = "<group>"; };
		097673BA249BAA1100A94376 /* Info.plist */ = {isa = PBXFileReference; lastKnownFileType = text.plist.xml; path = Info.plist; sourceTree = "<group>"; };
		097673BF249BAA1100A94376 /* CuteUIUITests.xctest */ = {isa = PBXFileReference; explicitFileType = wrapper.cfbundle; includeInIndex = 0; path = CuteUIUITests.xctest; sourceTree = BUILT_PRODUCTS_DIR; };
		097673C3249BAA1100A94376 /* CuteUIUITests.swift */ = {isa = PBXFileReference; lastKnownFileType = sourcecode.swift; path = CuteUIUITests.swift; sourceTree = "<group>"; };
		097673C5249BAA1100A94376 /* Info.plist */ = {isa = PBXFileReference; lastKnownFileType = text.plist.xml; path = Info.plist; sourceTree = "<group>"; };
/* End PBXFileReference section */

/* Begin PBXFrameworksBuildPhase section */
		09767398249BAA0900A94376 /* Frameworks */ = {
			isa = PBXFrameworksBuildPhase;
			buildActionMask = 2147483647;
			files = (
			);
			runOnlyForDeploymentPostprocessing = 0;
		};
		097673B1249BAA1100A94376 /* Frameworks */ = {
			isa = PBXFrameworksBuildPhase;
			buildActionMask = 2147483647;
			files = (
			);
			runOnlyForDeploymentPostprocessing = 0;
		};
		097673BC249BAA1100A94376 /* Frameworks */ = {
			isa = PBXFrameworksBuildPhase;
			buildActionMask = 2147483647;
			files = (
			);
			runOnlyForDeploymentPostprocessing = 0;
		};
/* End PBXFrameworksBuildPhase section */

/* Begin PBXGroup section */
		09767392249BAA0900A94376 = {
			isa = PBXGroup;
			children = (
				0976739D249BAA0900A94376 /* CuteUI */,
				097673B7249BAA1100A94376 /* CuteUITests */,
				097673C2249BAA1100A94376 /* CuteUIUITests */,
				0976739C249BAA0900A94376 /* Products */,
			);
			sourceTree = "<group>";
		};
		0976739C249BAA0900A94376 /* Products */ = {
			isa = PBXGroup;
			children = (
				0976739B249BAA0900A94376 /* CuteUI.app */,
				097673B4249BAA1100A94376 /* CuteUITests.xctest */,
				097673BF249BAA1100A94376 /* CuteUIUITests.xctest */,
			);
			name = Products;
			sourceTree = "<group>";
		};
		0976739D249BAA0900A94376 /* CuteUI */ = {
			isa = PBXGroup;
			children = (
				0976739E249BAA0900A94376 /* AppDelegate.swift */,
				097673A0249BAA0900A94376 /* SceneDelegate.swift */,
				097673A5249BAA0900A94376 /* ContentView.swift */,
				097673A7249BAA1100A94376 /* Assets.xcassets */,
				097673AC249BAA1100A94376 /* LaunchScreen.storyboard */,
				097673AF249BAA1100A94376 /* Info.plist */,
				097673A2249BAA0900A94376 /* CuteUI.xcdatamodeld */,
				097673A9249BAA1100A94376 /* Preview Content */,
			);
			path = CuteUI;
			sourceTree = "<group>";
		};
		097673A9249BAA1100A94376 /* Preview Content */ = {
			isa = PBXGroup;
			children = (
				097673AA249BAA1100A94376 /* Preview Assets.xcassets */,
			);
			path = "Preview Content";
			sourceTree = "<group>";
		};
		097673B7249BAA1100A94376 /* CuteUITests */ = {
			isa = PBXGroup;
			children = (
				097673B8249BAA1100A94376 /* CuteUITests.swift */,
				097673BA249BAA1100A94376 /* Info.plist */,
			);
			path = CuteUITests;
			sourceTree = "<group>";
		};
		097673C2249BAA1100A94376 /* CuteUIUITests */ = {
			isa = PBXGroup;
			children = (
				097673C3249BAA1100A94376 /* CuteUIUITests.swift */,
				097673C5249BAA1100A94376 /* Info.plist */,
			);
			path = CuteUIUITests;
			sourceTree = "<group>";
		};
/* End PBXGroup section */

/* Begin PBXNativeTarget section */
		0976739A249BAA0900A94376 /* CuteUI */ = {
			isa = PBXNativeTarget;
			buildConfigurationList = 097673C8249BAA1100A94376 /* Build configuration list for PBXNativeTarget "CuteUI" */;
			buildPhases = (
				09767397249BAA0900A94376 /* Sources */,
				09767398249BAA0900A94376 /* Frameworks */,
				09767399249BAA0900A94376 /* Resources */,
			);
			buildRules = (
			);
			dependencies = (
			);
			name = CuteUI;
			productName = CuteUI;
			productReference = 0976739B249BAA0900A94376 /* CuteUI.app */;
			productType = "com.apple.product-type.application";
		};
		097673B3249BAA1100A94376 /* CuteUITests */ = {
			isa = PBXNativeTarget;
			buildConfigurationList = 097673CB249BAA1100A94376 /* Build configuration list for PBXNativeTarget "CuteUITests" */;
			buildPhases = (
				097673B0249BAA1100A94376 /* Sources */,
				097673B1249BAA1100A94376 /* Frameworks */,
				097673B2249BAA1100A94376 /* Resources */,
			);
			buildRules = (
			);
			dependencies = (
				097673B6249BAA1100A94376 /* PBXTargetDependency */,
			);
			name = CuteUITests;
			productName = CuteUITests;
			productReference = 097673B4249BAA1100A94376 /* CuteUITests.xctest */;
			productType = "com.apple.product-type.bundle.unit-test";
		};
		097673BE249BAA1100A94376 /* CuteUIUITests */ = {
			isa = PBXNativeTarget;
			buildConfigurationList = 097673CE249BAA1100A94376 /* Build configuration list for PBXNativeTarget "CuteUIUITests" */;
			buildPhases = (
				097673BB249BAA1100A94376 /* Sources */,
				097673BC249BAA1100A94376 /* Frameworks */,
				097673BD249BAA1100A94376 /* Resources */,
			);
			buildRules = (
			);
			dependencies = (
				097673C1249BAA1100A94376 /* PBXTargetDependency */,
			);
			name = CuteUIUITests;
			productName = CuteUIUITests;
			productReference = 097673BF249BAA1100A94376 /* CuteUIUITests.xctest */;
			productType = "com.apple.product-type.bundle.ui-testing";
		};
/* End PBXNativeTarget section */

/* Begin PBXProject section */
		09767393249BAA0900A94376 /* Project object */ = {
			isa = PBXProject;
			attributes = {
				LastSwiftUpdateCheck = 1150;
				LastUpgradeCheck = 1150;
				ORGANIZATIONNAME = "Jessica Lewinter";
				TargetAttributes = {
					0976739A249BAA0900A94376 = {
						CreatedOnToolsVersion = 11.5;
					};
					097673B3249BAA1100A94376 = {
						CreatedOnToolsVersion = 11.5;
						TestTargetID = 0976739A249BAA0900A94376;
					};
					097673BE249BAA1100A94376 = {
						CreatedOnToolsVersion = 11.5;
						TestTargetID = 0976739A249BAA0900A94376;
					};
				};
			};
			buildConfigurationList = 09767396249BAA0900A94376 /* Build configuration list for PBXProject "CuteUI" */;
			compatibilityVersion = "Xcode 9.3";
			developmentRegion = en;
			hasScannedForEncodings = 0;
			knownRegions = (
				en,
				Base,
			);
			mainGroup = 09767392249BAA0900A94376;
			productRefGroup = 0976739C249BAA0900A94376 /* Products */;
			projectDirPath = "";
			projectRoot = "";
			targets = (
				0976739A249BAA0900A94376 /* CuteUI */,
				097673B3249BAA1100A94376 /* CuteUITests */,
				097673BE249BAA1100A94376 /* CuteUIUITests */,
			);
		};
/* End PBXProject section */

/* Begin PBXResourcesBuildPhase section */
		09767399249BAA0900A94376 /* Resources */ = {
			isa = PBXResourcesBuildPhase;
			buildActionMask = 2147483647;
			files = (
				097673AE249BAA1100A94376 /* LaunchScreen.storyboard in Resources */,
				097673AB249BAA1100A94376 /* Preview Assets.xcassets in Resources */,
				097673A8249BAA1100A94376 /* Assets.xcassets in Resources */,
			);
			runOnlyForDeploymentPostprocessing = 0;
		};
		097673B2249BAA1100A94376 /* Resources */ = {
			isa = PBXResourcesBuildPhase;
			buildActionMask = 2147483647;
			files = (
			);
			runOnlyForDeploymentPostprocessing = 0;
		};
		097673BD249BAA1100A94376 /* Resources */ = {
			isa = PBXResourcesBuildPhase;
			buildActionMask = 2147483647;
			files = (
			);
			runOnlyForDeploymentPostprocessing = 0;
		};
/* End PBXResourcesBuildPhase section */

/* Begin PBXSourcesBuildPhase section */
		09767397249BAA0900A94376 /* Sources */ = {
			isa = PBXSourcesBuildPhase;
			buildActionMask = 2147483647;
			files = (
				0976739F249BAA0900A94376 /* AppDelegate.swift in Sources */,
				097673A4249BAA0900A94376 /* CuteUI.xcdatamodeld in Sources */,
				097673A6249BAA0900A94376 /* ContentView.swift in Sources */,
				097673A1249BAA0900A94376 /* SceneDelegate.swift in Sources */,
			);
			runOnlyForDeploymentPostprocessing = 0;
		};
		097673B0249BAA1100A94376 /* Sources */ = {
			isa = PBXSourcesBuildPhase;
			buildActionMask = 2147483647;
			files = (
				097673B9249BAA1100A94376 /* CuteUITests.swift in Sources */,
			);
			runOnlyForDeploymentPostprocessing = 0;
		};
		097673BB249BAA1100A94376 /* Sources */ = {
			isa = PBXSourcesBuildPhase;
			buildActionMask = 2147483647;
			files = (
				097673C4249BAA1100A94376 /* CuteUIUITests.swift in Sources */,
			);
			runOnlyForDeploymentPostprocessing = 0;
		};
/* End PBXSourcesBuildPhase section */

/* Begin PBXTargetDependency section */
		097673B6249BAA1100A94376 /* PBXTargetDependency */ = {
			isa = PBXTargetDependency;
			target = 0976739A249BAA0900A94376 /* CuteUI */;
			targetProxy = 097673B5249BAA1100A94376 /* PBXContainerItemProxy */;
		};
		097673C1249BAA1100A94376 /* PBXTargetDependency */ = {
			isa = PBXTargetDependency;
			target = 0976739A249BAA0900A94376 /* CuteUI */;
			targetProxy = 097673C0249BAA1100A94376 /* PBXContainerItemProxy */;
		};
/* End PBXTargetDependency section */

/* Begin PBXVariantGroup section */
		097673AC249BAA1100A94376 /* LaunchScreen.storyboard */ = {
			isa = PBXVariantGroup;
			children = (
				097673AD249BAA1100A94376 /* Base */,
			);
			name = LaunchScreen.storyboard;
			sourceTree = "<group>";
		};
/* End PBXVariantGroup section */

/* Begin XCBuildConfiguration section */
		097673C6249BAA1100A94376 /* Debug */ = {
			isa = XCBuildConfiguration;
			buildSettings = {
				ALWAYS_SEARCH_USER_PATHS = NO;
				CLANG_ANALYZER_NONNULL = YES;
				CLANG_ANALYZER_NUMBER_OBJECT_CONVERSION = YES_AGGRESSIVE;
				CLANG_CXX_LANGUAGE_STANDARD = "gnu++14";
				CLANG_CXX_LIBRARY = "libc++";
				CLANG_ENABLE_MODULES = YES;
				CLANG_ENABLE_OBJC_ARC = YES;
				CLANG_ENABLE_OBJC_WEAK = YES;
				CLANG_WARN_BLOCK_CAPTURE_AUTORELEASING = YES;
				CLANG_WARN_BOOL_CONVERSION = YES;
				CLANG_WARN_COMMA = YES;
				CLANG_WARN_CONSTANT_CONVERSION = YES;
				CLANG_WARN_DEPRECATED_OBJC_IMPLEMENTATIONS = YES;
				CLANG_WARN_DIRECT_OBJC_ISA_USAGE = YES_ERROR;
				CLANG_WARN_DOCUMENTATION_COMMENTS = YES;
				CLANG_WARN_EMPTY_BODY = YES;
				CLANG_WARN_ENUM_CONVERSION = YES;
				CLANG_WARN_INFINITE_RECURSION = YES;
				CLANG_WARN_INT_CONVERSION = YES;
				CLANG_WARN_NON_LITERAL_NULL_CONVERSION = YES;
				CLANG_WARN_OBJC_IMPLICIT_RETAIN_SELF = YES;
				CLANG_WARN_OBJC_LITERAL_CONVERSION = YES;
				CLANG_WARN_OBJC_ROOT_CLASS = YES_ERROR;
				CLANG_WARN_RANGE_LOOP_ANALYSIS = YES;
				CLANG_WARN_STRICT_PROTOTYPES = YES;
				CLANG_WARN_SUSPICIOUS_MOVE = YES;
				CLANG_WARN_UNGUARDED_AVAILABILITY = YES_AGGRESSIVE;
				CLANG_WARN_UNREACHABLE_CODE = YES;
				CLANG_WARN__DUPLICATE_METHOD_MATCH = YES;
				COPY_PHASE_STRIP = NO;
				DEBUG_INFORMATION_FORMAT = dwarf;
				ENABLE_STRICT_OBJC_MSGSEND = YES;
				ENABLE_TESTABILITY = YES;
				GCC_C_LANGUAGE_STANDARD = gnu11;
				GCC_DYNAMIC_NO_PIC = NO;
				GCC_NO_COMMON_BLOCKS = YES;
				GCC_OPTIMIZATION_LEVEL = 0;
				GCC_PREPROCESSOR_DEFINITIONS = (
					"DEBUG=1",
					"$(inherited)",
				);
				GCC_WARN_64_TO_32_BIT_CONVERSION = YES;
				GCC_WARN_ABOUT_RETURN_TYPE = YES_ERROR;
				GCC_WARN_UNDECLARED_SELECTOR = YES;
				GCC_WARN_UNINITIALIZED_AUTOS = YES_AGGRESSIVE;
				GCC_WARN_UNUSED_FUNCTION = YES;
				GCC_WARN_UNUSED_VARIABLE = YES;
				IPHONEOS_DEPLOYMENT_TARGET = 13.5;
				MTL_ENABLE_DEBUG_INFO = INCLUDE_SOURCE;
				MTL_FAST_MATH = YES;
				ONLY_ACTIVE_ARCH = YES;
				SDKROOT = iphoneos;
				SWIFT_ACTIVE_COMPILATION_CONDITIONS = DEBUG;
				SWIFT_OPTIMIZATION_LEVEL = "-Onone";
			};
			name = Debug;
		};
		097673C7249BAA1100A94376 /* Release */ = {
			isa = XCBuildConfiguration;
			buildSettings = {
				ALWAYS_SEARCH_USER_PATHS = NO;
				CLANG_ANALYZER_NONNULL = YES;
				CLANG_ANALYZER_NUMBER_OBJECT_CONVERSION = YES_AGGRESSIVE;
				CLANG_CXX_LANGUAGE_STANDARD = "gnu++14";
				CLANG_CXX_LIBRARY = "libc++";
				CLANG_ENABLE_MODULES = YES;
				CLANG_ENABLE_OBJC_ARC = YES;
				CLANG_ENABLE_OBJC_WEAK = YES;
				CLANG_WARN_BLOCK_CAPTURE_AUTORELEASING = YES;
				CLANG_WARN_BOOL_CONVERSION = YES;
				CLANG_WARN_COMMA = YES;
				CLANG_WARN_CONSTANT_CONVERSION = YES;
				CLANG_WARN_DEPRECATED_OBJC_IMPLEMENTATIONS = YES;
				CLANG_WARN_DIRECT_OBJC_ISA_USAGE = YES_ERROR;
				CLANG_WARN_DOCUMENTATION_COMMENTS = YES;
				CLANG_WARN_EMPTY_BODY = YES;
				CLANG_WARN_ENUM_CONVERSION = YES;
				CLANG_WARN_INFINITE_RECURSION = YES;
				CLANG_WARN_INT_CONVERSION = YES;
				CLANG_WARN_NON_LITERAL_NULL_CONVERSION = YES;
				CLANG_WARN_OBJC_IMPLICIT_RETAIN_SELF = YES;
				CLANG_WARN_OBJC_LITERAL_CONVERSION = YES;
				CLANG_WARN_OBJC_ROOT_CLASS = YES_ERROR;
				CLANG_WARN_RANGE_LOOP_ANALYSIS = YES;
				CLANG_WARN_STRICT_PROTOTYPES = YES;
				CLANG_WARN_SUSPICIOUS_MOVE = YES;
				CLANG_WARN_UNGUARDED_AVAILABILITY = YES_AGGRESSIVE;
				CLANG_WARN_UNREACHABLE_CODE = YES;
				CLANG_WARN__DUPLICATE_METHOD_MATCH = YES;
				COPY_PHASE_STRIP = NO;
				DEBUG_INFORMATION_FORMAT = "dwarf-with-dsym";
				ENABLE_NS_ASSERTIONS = NO;
				ENABLE_STRICT_OBJC_MSGSEND = YES;
				GCC_C_LANGUAGE_STANDARD = gnu11;
				GCC_NO_COMMON_BLOCKS = YES;
				GCC_WARN_64_TO_32_BIT_CONVERSION = YES;
				GCC_WARN_ABOUT_RETURN_TYPE = YES_ERROR;
				GCC_WARN_UNDECLARED_SELECTOR = YES;
				GCC_WARN_UNINITIALIZED_AUTOS = YES_AGGRESSIVE;
				GCC_WARN_UNUSED_FUNCTION = YES;
				GCC_WARN_UNUSED_VARIABLE = YES;
				IPHONEOS_DEPLOYMENT_TARGET = 13.5;
				MTL_ENABLE_DEBUG_INFO = NO;
				MTL_FAST_MATH = YES;
				SDKROOT = iphoneos;
				SWIFT_COMPILATION_MODE = wholemodule;
				SWIFT_OPTIMIZATION_LEVEL = "-O";
				VALIDATE_PRODUCT = YES;
			};
			name = Release;
		};
		097673C9249BAA1100A94376 /* Debug */ = {
			isa = XCBuildConfiguration;
			buildSettings = {
				ASSETCATALOG_COMPILER_APPICON_NAME = AppIcon;
				CODE_SIGN_STYLE = Automatic;
				DEVELOPMENT_ASSET_PATHS = "\"CuteUI/Preview Content\"";
				DEVELOPMENT_TEAM = FG6BFSTBUF;
				ENABLE_PREVIEWS = YES;
				INFOPLIST_FILE = CuteUI/Info.plist;
				LD_RUNPATH_SEARCH_PATHS = (
					"$(inherited)",
					"@executable_path/Frameworks",
				);
				PRODUCT_BUNDLE_IDENTIFIER = com.jessicalewinter.CuteUI;
				PRODUCT_NAME = "$(TARGET_NAME)";
				SWIFT_VERSION = 5.0;
				TARGETED_DEVICE_FAMILY = "1,2";
			};
			name = Debug;
		};
		097673CA249BAA1100A94376 /* Release */ = {
			isa = XCBuildConfiguration;
			buildSettings = {
				ASSETCATALOG_COMPILER_APPICON_NAME = AppIcon;
				CODE_SIGN_STYLE = Automatic;
				DEVELOPMENT_ASSET_PATHS = "\"CuteUI/Preview Content\"";
				DEVELOPMENT_TEAM = FG6BFSTBUF;
				ENABLE_PREVIEWS = YES;
				INFOPLIST_FILE = CuteUI/Info.plist;
				LD_RUNPATH_SEARCH_PATHS = (
					"$(inherited)",
					"@executable_path/Frameworks",
				);
				PRODUCT_BUNDLE_IDENTIFIER = com.jessicalewinter.CuteUI;
				PRODUCT_NAME = "$(TARGET_NAME)";
				SWIFT_VERSION = 5.0;
				TARGETED_DEVICE_FAMILY = "1,2";
			};
			name = Release;
		};
		097673CC249BAA1100A94376 /* Debug */ = {
			isa = XCBuildConfiguration;
			buildSettings = {
				ALWAYS_EMBED_SWIFT_STANDARD_LIBRARIES = YES;
				BUNDLE_LOADER = "$(TEST_HOST)";
				CODE_SIGN_STYLE = Automatic;
				DEVELOPMENT_TEAM = FG6BFSTBUF;
				INFOPLIST_FILE = CuteUITests/Info.plist;
				IPHONEOS_DEPLOYMENT_TARGET = 13.5;
				LD_RUNPATH_SEARCH_PATHS = (
					"$(inherited)",
					"@executable_path/Frameworks",
					"@loader_path/Frameworks",
				);
				PRODUCT_BUNDLE_IDENTIFIER = com.jessicalewinter.CuteUITests;
				PRODUCT_NAME = "$(TARGET_NAME)";
				SWIFT_VERSION = 5.0;
				TARGETED_DEVICE_FAMILY = "1,2";
				TEST_HOST = "$(BUILT_PRODUCTS_DIR)/CuteUI.app/CuteUI";
			};
			name = Debug;
		};
		097673CD249BAA1100A94376 /* Release */ = {
			isa = XCBuildConfiguration;
			buildSettings = {
				ALWAYS_EMBED_SWIFT_STANDARD_LIBRARIES = YES;
				BUNDLE_LOADER = "$(TEST_HOST)";
				CODE_SIGN_STYLE = Automatic;
				DEVELOPMENT_TEAM = FG6BFSTBUF;
				INFOPLIST_FILE = CuteUITests/Info.plist;
				IPHONEOS_DEPLOYMENT_TARGET = 13.5;
				LD_RUNPATH_SEARCH_PATHS = (
					"$(inherited)",
					"@executable_path/Frameworks",
					"@loader_path/Frameworks",
				);
				PRODUCT_BUNDLE_IDENTIFIER = com.jessicalewinter.CuteUITests;
				PRODUCT_NAME = "$(TARGET_NAME)";
				SWIFT_VERSION = 5.0;
				TARGETED_DEVICE_FAMILY = "1,2";
				TEST_HOST = "$(BUILT_PRODUCTS_DIR)/CuteUI.app/CuteUI";
			};
			name = Release;
		};
		097673CF249BAA1100A94376 /* Debug */ = {
			isa = XCBuildConfiguration;
			buildSettings = {
				ALWAYS_EMBED_SWIFT_STANDARD_LIBRARIES = YES;
				CODE_SIGN_STYLE = Automatic;
				DEVELOPMENT_TEAM = FG6BFSTBUF;
				INFOPLIST_FILE = CuteUIUITests/Info.plist;
				LD_RUNPATH_SEARCH_PATHS = (
					"$(inherited)",
					"@executable_path/Frameworks",
					"@loader_path/Frameworks",
				);
				PRODUCT_BUNDLE_IDENTIFIER = com.jessicalewinter.CuteUIUITests;
				PRODUCT_NAME = "$(TARGET_NAME)";
				SWIFT_VERSION = 5.0;
				TARGETED_DEVICE_FAMILY = "1,2";
				TEST_TARGET_NAME = CuteUI;
			};
			name = Debug;
		};
		097673D0249BAA1100A94376 /* Release */ = {
			isa = XCBuildConfiguration;
			buildSettings = {
				ALWAYS_EMBED_SWIFT_STANDARD_LIBRARIES = YES;
				CODE_SIGN_STYLE = Automatic;
				DEVELOPMENT_TEAM = FG6BFSTBUF;
				INFOPLIST_FILE = CuteUIUITests/Info.plist;
				LD_RUNPATH_SEARCH_PATHS = (
					"$(inherited)",
					"@executable_path/Frameworks",
					"@loader_path/Frameworks",
				);
				PRODUCT_BUNDLE_IDENTIFIER = com.jessicalewinter.CuteUIUITests;
				PRODUCT_NAME = "$(TARGET_NAME)";
				SWIFT_VERSION = 5.0;
				TARGETED_DEVICE_FAMILY = "1,2";
				TEST_TARGET_NAME = CuteUI;
			};
			name = Release;
		};
/* End XCBuildConfiguration section */

/* Begin XCConfigurationList section */
		09767396249BAA0900A94376 /* Build configuration list for PBXProject "CuteUI" */ = {
			isa = XCConfigurationList;
			buildConfigurations = (
				097673C6249BAA1100A94376 /* Debug */,
				097673C7249BAA1100A94376 /* Release */,
			);
			defaultConfigurationIsVisible = 0;
			defaultConfigurationName = Release;
		};
		097673C8249BAA1100A94376 /* Build configuration list for PBXNativeTarget "CuteUI" */ = {
			isa = XCConfigurationList;
			buildConfigurations = (
				097673C9249BAA1100A94376 /* Debug */,
				097673CA249BAA1100A94376 /* Release */,
			);
			defaultConfigurationIsVisible = 0;
			defaultConfigurationName = Release;
		};
		097673CB249BAA1100A94376 /* Build configuration list for PBXNativeTarget "CuteUITests" */ = {
			isa = XCConfigurationList;
			buildConfigurations = (
				097673CC249BAA1100A94376 /* Debug */,
				097673CD249BAA1100A94376 /* Release */,
			);
			defaultConfigurationIsVisible = 0;
			defaultConfigurationName = Release;
		};
		097673CE249BAA1100A94376 /* Build configuration list for PBXNativeTarget "CuteUIUITests" */ = {
			isa = XCConfigurationList;
			buildConfigurations = (
				097673CF249BAA1100A94376 /* Debug */,
				097673D0249BAA1100A94376 /* Release */,
			);
			defaultConfigurationIsVisible = 0;
			defaultConfigurationName = Release;
		};
/* End XCConfigurationList section */

/* Begin XCVersionGroup section */
		097673A2249BAA0900A94376 /* CuteUI.xcdatamodeld */ = {
			isa = XCVersionGroup;
			children = (
				097673A3249BAA0900A94376 /* CuteUI.xcdatamodel */,
			);
			currentVersion = 097673A3249BAA0900A94376 /* CuteUI.xcdatamodel */;
			path = CuteUI.xcdatamodeld;
			sourceTree = "<group>";
			versionGroupType = wrapper.xcdatamodel;
		};
/* End XCVersionGroup section */
	};
	rootObject = 09767393249BAA0900A94376 /* Project object */;
}
