// !$*UTF8*$!
{
	archiveVersion = 1;
	classes = {
	};
	objectVersion = 50;
	objects = {

/* Begin PBXBuildFile section */
		0936C36A23CEC3480009CC1C /* NoTipView.swift in Sources */ = {isa = PBXBuildFile; fileRef = 0936C36923CEC3480009CC1C /* NoTipView.swift */; };
		09AC795C23CE581E00B4865B /* AppDelegate.swift in Sources */ = {isa = PBXBuildFile; fileRef = 09AC795B23CE581E00B4865B /* AppDelegate.swift */; };
		09AC795E23CE581E00B4865B /* SceneDelegate.swift in Sources */ = {isa = PBXBuildFile; fileRef = 09AC795D23CE581E00B4865B /* SceneDelegate.swift */; };
		09AC796023CE581E00B4865B /* ContentView.swift in Sources */ = {isa = PBXBuildFile; fileRef = 09AC795F23CE581E00B4865B /* ContentView.swift */; };
		09AC796223CE582100B4865B /* Assets.xcassets in Resources */ = {isa = PBXBuildFile; fileRef = 09AC796123CE582100B4865B /* Assets.xcassets */; };
		09AC796523CE582100B4865B /* Preview Assets.xcassets in Resources */ = {isa = PBXBuildFile; fileRef = 09AC796423CE582100B4865B /* Preview Assets.xcassets */; };
		09AC796823CE582100B4865B /* LaunchScreen.storyboard in Resources */ = {isa = PBXBuildFile; fileRef = 09AC796623CE582100B4865B /* LaunchScreen.storyboard */; };
/* End PBXBuildFile section */

/* Begin PBXFileReference section */
		0936C36923CEC3480009CC1C /* NoTipView.swift */ = {isa = PBXFileReference; lastKnownFileType = sourcecode.swift; path = NoTipView.swift; sourceTree = "<group>"; };
		09AC795823CE581E00B4865B /* SplitBills.app */ = {isa = PBXFileReference; explicitFileType = wrapper.application; includeInIndex = 0; path = SplitBills.app; sourceTree = BUILT_PRODUCTS_DIR; };
		09AC795B23CE581E00B4865B /* AppDelegate.swift */ = {isa = PBXFileReference; lastKnownFileType = sourcecode.swift; path = AppDelegate.swift; sourceTree = "<group>"; };
		09AC795D23CE581E00B4865B /* SceneDelegate.swift */ = {isa = PBXFileReference; lastKnownFileType = sourcecode.swift; path = SceneDelegate.swift; sourceTree = "<group>"; };
		09AC795F23CE581E00B4865B /* ContentView.swift */ = {isa = PBXFileReference; lastKnownFileType = sourcecode.swift; path = ContentView.swift; sourceTree = "<group>"; };
		09AC796123CE582100B4865B /* Assets.xcassets */ = {isa = PBXFileReference; lastKnownFileType = folder.assetcatalog; path = Assets.xcassets; sourceTree = "<group>"; };
		09AC796423CE582100B4865B /* Preview Assets.xcassets */ = {isa = PBXFileReference; lastKnownFileType = folder.assetcatalog; path = "Preview Assets.xcassets"; sourceTree = "<group>"; };
		09AC796723CE582100B4865B /* Base */ = {isa = PBXFileReference; lastKnownFileType = file.storyboard; name = Base; path = Base.lproj/LaunchScreen.storyboard; sourceTree = "<group>"; };
		09AC796923CE582100B4865B /* Info.plist */ = {isa = PBXFileReference; lastKnownFileType = text.plist.xml; path = Info.plist; sourceTree = "<group>"; };
/* End PBXFileReference section */

/* Begin PBXFrameworksBuildPhase section */
		09AC795523CE581E00B4865B /* Frameworks */ = {
			isa = PBXFrameworksBuildPhase;
			buildActionMask = 2147483647;
			files = (
			);
			runOnlyForDeploymentPostprocessing = 0;
		};
/* End PBXFrameworksBuildPhase section */

/* Begin PBXGroup section */
		09AC794F23CE581E00B4865B = {
			isa = PBXGroup;
			children = (
				09AC795A23CE581E00B4865B /* SplitBills */,
				09AC795923CE581E00B4865B /* Products */,
			);
			sourceTree = "<group>";
		};
		09AC795923CE581E00B4865B /* Products */ = {
			isa = PBXGroup;
			children = (
				09AC795823CE581E00B4865B /* SplitBills.app */,
			);
			name = Products;
			sourceTree = "<group>";
		};
		09AC795A23CE581E00B4865B /* SplitBills */ = {
			isa = PBXGroup;
			children = (
				09AC795B23CE581E00B4865B /* AppDelegate.swift */,
				09AC795D23CE581E00B4865B /* SceneDelegate.swift */,
				09AC795F23CE581E00B4865B /* ContentView.swift */,
				0936C36923CEC3480009CC1C /* NoTipView.swift */,
				09AC796123CE582100B4865B /* Assets.xcassets */,
				09AC796623CE582100B4865B /* LaunchScreen.storyboard */,
				09AC796923CE582100B4865B /* Info.plist */,
				09AC796323CE582100B4865B /* Preview Content */,
			);
			path = SplitBills;
			sourceTree = "<group>";
		};
		09AC796323CE582100B4865B /* Preview Content */ = {
			isa = PBXGroup;
			children = (
				09AC796423CE582100B4865B /* Preview Assets.xcassets */,
			);
			path = "Preview Content";
			sourceTree = "<group>";
		};
/* End PBXGroup section */

/* Begin PBXNativeTarget section */
		09AC795723CE581E00B4865B /* SplitBills */ = {
			isa = PBXNativeTarget;
			buildConfigurationList = 09AC796C23CE582100B4865B /* Build configuration list for PBXNativeTarget "SplitBills" */;
			buildPhases = (
				09AC795423CE581E00B4865B /* Sources */,
				09AC795523CE581E00B4865B /* Frameworks */,
				09AC795623CE581E00B4865B /* Resources */,
			);
			buildRules = (
			);
			dependencies = (
			);
			name = SplitBills;
			productName = SplitBills;
			productReference = 09AC795823CE581E00B4865B /* SplitBills.app */;
			productType = "com.apple.product-type.application";
		};
/* End PBXNativeTarget section */

/* Begin PBXProject section */
		09AC795023CE581E00B4865B /* Project object */ = {
			isa = PBXProject;
			attributes = {
				LastSwiftUpdateCheck = 1130;
				LastUpgradeCheck = 1130;
				ORGANIZATIONNAME = "Jessica Lewinter";
				TargetAttributes = {
					09AC795723CE581E00B4865B = {
						CreatedOnToolsVersion = 11.3;
					};
				};
			};
			buildConfigurationList = 09AC795323CE581E00B4865B /* Build configuration list for PBXProject "SplitBills" */;
			compatibilityVersion = "Xcode 9.3";
			developmentRegion = en;
			hasScannedForEncodings = 0;
			knownRegions = (
				en,
				Base,
			);
			mainGroup = 09AC794F23CE581E00B4865B;
			productRefGroup = 09AC795923CE581E00B4865B /* Products */;
			projectDirPath = "";
			projectRoot = "";
			targets = (
				09AC795723CE581E00B4865B /* SplitBills */,
			);
		};
/* End PBXProject section */

/* Begin PBXResourcesBuildPhase section */
		09AC795623CE581E00B4865B /* Resources */ = {
			isa = PBXResourcesBuildPhase;
			buildActionMask = 2147483647;
			files = (
				09AC796823CE582100B4865B /* LaunchScreen.storyboard in Resources */,
				09AC796523CE582100B4865B /* Preview Assets.xcassets in Resources */,
				09AC796223CE582100B4865B /* Assets.xcassets in Resources */,
			);
			runOnlyForDeploymentPostprocessing = 0;
		};
/* End PBXResourcesBuildPhase section */

/* Begin PBXSourcesBuildPhase section */
		09AC795423CE581E00B4865B /* Sources */ = {
			isa = PBXSourcesBuildPhase;
			buildActionMask = 2147483647;
			files = (
				09AC795C23CE581E00B4865B /* AppDelegate.swift in Sources */,
				09AC795E23CE581E00B4865B /* SceneDelegate.swift in Sources */,
				09AC796023CE581E00B4865B /* ContentView.swift in Sources */,
				0936C36A23CEC3480009CC1C /* NoTipView.swift in Sources */,
			);
			runOnlyForDeploymentPostprocessing = 0;
		};
/* End PBXSourcesBuildPhase section */

/* Begin PBXVariantGroup section */
		09AC796623CE582100B4865B /* LaunchScreen.storyboard */ = {
			isa = PBXVariantGroup;
			children = (
				09AC796723CE582100B4865B /* Base */,
			);
			name = LaunchScreen.storyboard;
			sourceTree = "<group>";
		};
/* End PBXVariantGroup section */

/* Begin XCBuildConfiguration section */
		09AC796A23CE582100B4865B /* Debug */ = {
			isa = XCBuildConfiguration;
			buildSettings = {
				ALWAYS_SEARCH_USER_PATHS = NO;
				CLANG_ANALYZER_NONNULL = YES;
				CLANG_ANALYZER_NUMBER_OBJECT_CONVERSION = YES_AGGRESSIVE;
				CLANG_CXX_LANGUAGE_STANDARD = "gnu++14";
				CLANG_CXX_LIBRARY = "libc++";
				CLANG_ENABLE_MODULES = YES;
				CLANG_ENABLE_OBJC_ARC = YES;
				CLANG_ENABLE_OBJC_WEAK = YES;
				CLANG_WARN_BLOCK_CAPTURE_AUTORELEASING = YES;
				CLANG_WARN_BOOL_CONVERSION = YES;
				CLANG_WARN_COMMA = YES;
				CLANG_WARN_CONSTANT_CONVERSION = YES;
				CLANG_WARN_DEPRECATED_OBJC_IMPLEMENTATIONS = YES;
				CLANG_WARN_DIRECT_OBJC_ISA_USAGE = YES_ERROR;
				CLANG_WARN_DOCUMENTATION_COMMENTS = YES;
				CLANG_WARN_EMPTY_BODY = YES;
				CLANG_WARN_ENUM_CONVERSION = YES;
				CLANG_WARN_INFINITE_RECURSION = YES;
				CLANG_WARN_INT_CONVERSION = YES;
				CLANG_WARN_NON_LITERAL_NULL_CONVERSION = YES;
				CLANG_WARN_OBJC_IMPLICIT_RETAIN_SELF = YES;
				CLANG_WARN_OBJC_LITERAL_CONVERSION = YES;
				CLANG_WARN_OBJC_ROOT_CLASS = YES_ERROR;
				CLANG_WARN_RANGE_LOOP_ANALYSIS = YES;
				CLANG_WARN_STRICT_PROTOTYPES = YES;
				CLANG_WARN_SUSPICIOUS_MOVE = YES;
				CLANG_WARN_UNGUARDED_AVAILABILITY = YES_AGGRESSIVE;
				CLANG_WARN_UNREACHABLE_CODE = YES;
				CLANG_WARN__DUPLICATE_METHOD_MATCH = YES;
				COPY_PHASE_STRIP = NO;
				DEBUG_INFORMATION_FORMAT = dwarf;
				ENABLE_STRICT_OBJC_MSGSEND = YES;
				ENABLE_TESTABILITY = YES;
				GCC_C_LANGUAGE_STANDARD = gnu11;
				GCC_DYNAMIC_NO_PIC = NO;
				GCC_NO_COMMON_BLOCKS = YES;
				GCC_OPTIMIZATION_LEVEL = 0;
				GCC_PREPROCESSOR_DEFINITIONS = (
					"DEBUG=1",
					"$(inherited)",
				);
				GCC_WARN_64_TO_32_BIT_CONVERSION = YES;
				GCC_WARN_ABOUT_RETURN_TYPE = YES_ERROR;
				GCC_WARN_UNDECLARED_SELECTOR = YES;
				GCC_WARN_UNINITIALIZED_AUTOS = YES_AGGRESSIVE;
				GCC_WARN_UNUSED_FUNCTION = YES;
				GCC_WARN_UNUSED_VARIABLE = YES;
				IPHONEOS_DEPLOYMENT_TARGET = 13.2;
				MTL_ENABLE_DEBUG_INFO = INCLUDE_SOURCE;
				MTL_FAST_MATH = YES;
				ONLY_ACTIVE_ARCH = YES;
				SDKROOT = iphoneos;
				SWIFT_ACTIVE_COMPILATION_CONDITIONS = DEBUG;
				SWIFT_OPTIMIZATION_LEVEL = "-Onone";
			};
			name = Debug;
		};
		09AC796B23CE582100B4865B /* Release */ = {
			isa = XCBuildConfiguration;
			buildSettings = {
				ALWAYS_SEARCH_USER_PATHS = NO;
				CLANG_ANALYZER_NONNULL = YES;
				CLANG_ANALYZER_NUMBER_OBJECT_CONVERSION = YES_AGGRESSIVE;
				CLANG_CXX_LANGUAGE_STANDARD = "gnu++14";
				CLANG_CXX_LIBRARY = "libc++";
				CLANG_ENABLE_MODULES = YES;
				CLANG_ENABLE_OBJC_ARC = YES;
				CLANG_ENABLE_OBJC_WEAK = YES;
				CLANG_WARN_BLOCK_CAPTURE_AUTORELEASING = YES;
				CLANG_WARN_BOOL_CONVERSION = YES;
				CLANG_WARN_COMMA = YES;
				CLANG_WARN_CONSTANT_CONVERSION = YES;
				CLANG_WARN_DEPRECATED_OBJC_IMPLEMENTATIONS = YES;
				CLANG_WARN_DIRECT_OBJC_ISA_USAGE = YES_ERROR;
				CLANG_WARN_DOCUMENTATION_COMMENTS = YES;
				CLANG_WARN_EMPTY_BODY = YES;
				CLANG_WARN_ENUM_CONVERSION = YES;
				CLANG_WARN_INFINITE_RECURSION = YES;
				CLANG_WARN_INT_CONVERSION = YES;
				CLANG_WARN_NON_LITERAL_NULL_CONVERSION = YES;
				CLANG_WARN_OBJC_IMPLICIT_RETAIN_SELF = YES;
				CLANG_WARN_OBJC_LITERAL_CONVERSION = YES;
				CLANG_WARN_OBJC_ROOT_CLASS = YES_ERROR;
				CLANG_WARN_RANGE_LOOP_ANALYSIS = YES;
				CLANG_WARN_STRICT_PROTOTYPES = YES;
				CLANG_WARN_SUSPICIOUS_MOVE = YES;
				CLANG_WARN_UNGUARDED_AVAILABILITY = YES_AGGRESSIVE;
				CLANG_WARN_UNREACHABLE_CODE = YES;
				CLANG_WARN__DUPLICATE_METHOD_MATCH = YES;
				COPY_PHASE_STRIP = NO;
				DEBUG_INFORMATION_FORMAT = "dwarf-with-dsym";
				ENABLE_NS_ASSERTIONS = NO;
				ENABLE_STRICT_OBJC_MSGSEND = YES;
				GCC_C_LANGUAGE_STANDARD = gnu11;
				GCC_NO_COMMON_BLOCKS = YES;
				GCC_WARN_64_TO_32_BIT_CONVERSION = YES;
				GCC_WARN_ABOUT_RETURN_TYPE = YES_ERROR;
				GCC_WARN_UNDECLARED_SELECTOR = YES;
				GCC_WARN_UNINITIALIZED_AUTOS = YES_AGGRESSIVE;
				GCC_WARN_UNUSED_FUNCTION = YES;
				GCC_WARN_UNUSED_VARIABLE = YES;
				IPHONEOS_DEPLOYMENT_TARGET = 13.2;
				MTL_ENABLE_DEBUG_INFO = NO;
				MTL_FAST_MATH = YES;
				SDKROOT = iphoneos;
				SWIFT_COMPILATION_MODE = wholemodule;
				SWIFT_OPTIMIZATION_LEVEL = "-O";
				VALIDATE_PRODUCT = YES;
			};
			name = Release;
		};
		09AC796D23CE582100B4865B /* Debug */ = {
			isa = XCBuildConfiguration;
			buildSettings = {
				ASSETCATALOG_COMPILER_APPICON_NAME = AppIcon;
				CODE_SIGN_STYLE = Automatic;
				DEVELOPMENT_ASSET_PATHS = "\"SplitBills/Preview Content\"";
				DEVELOPMENT_TEAM = FG6BFSTBUF;
				ENABLE_PREVIEWS = YES;
				INFOPLIST_FILE = SplitBills/Info.plist;
				LD_RUNPATH_SEARCH_PATHS = (
					"$(inherited)",
					"@executable_path/Frameworks",
				);
				PRODUCT_BUNDLE_IDENTIFIER = com.jessicalewinter.SplitBills;
				PRODUCT_NAME = "$(TARGET_NAME)";
				SWIFT_VERSION = 5.0;
				TARGETED_DEVICE_FAMILY = "1,2";
			};
			name = Debug;
		};
		09AC796E23CE582100B4865B /* Release */ = {
			isa = XCBuildConfiguration;
			buildSettings = {
				ASSETCATALOG_COMPILER_APPICON_NAME = AppIcon;
				CODE_SIGN_STYLE = Automatic;
				DEVELOPMENT_ASSET_PATHS = "\"SplitBills/Preview Content\"";
				DEVELOPMENT_TEAM = FG6BFSTBUF;
				ENABLE_PREVIEWS = YES;
				INFOPLIST_FILE = SplitBills/Info.plist;
				LD_RUNPATH_SEARCH_PATHS = (
					"$(inherited)",
					"@executable_path/Frameworks",
				);
				PRODUCT_BUNDLE_IDENTIFIER = com.jessicalewinter.SplitBills;
				PRODUCT_NAME = "$(TARGET_NAME)";
				SWIFT_VERSION = 5.0;
				TARGETED_DEVICE_FAMILY = "1,2";
			};
			name = Release;
		};
/* End XCBuildConfiguration section */

/* Begin XCConfigurationList section */
		09AC795323CE581E00B4865B /* Build configuration list for PBXProject "SplitBills" */ = {
			isa = XCConfigurationList;
			buildConfigurations = (
				09AC796A23CE582100B4865B /* Debug */,
				09AC796B23CE582100B4865B /* Release */,
			);
			defaultConfigurationIsVisible = 0;
			defaultConfigurationName = Release;
		};
		09AC796C23CE582100B4865B /* Build configuration list for PBXNativeTarget "SplitBills" */ = {
			isa = XCConfigurationList;
			buildConfigurations = (
				09AC796D23CE582100B4865B /* Debug */,
				09AC796E23CE582100B4865B /* Release */,
			);
			defaultConfigurationIsVisible = 0;
			defaultConfigurationName = Release;
		};
/* End XCConfigurationList section */
	};
	rootObject = 09AC795023CE581E00B4865B /* Project object */;
}
