// !$*UTF8*$!
{
	archiveVersion = 1;
	classes = {
	};
	objectVersion = 50;
	objects = {

/* Begin PBXBuildFile section */
		0945BC7624AB67A6006E8609 /* AppDelegate.swift in Sources */ = {isa = PBXBuildFile; fileRef = 0945BC7524AB67A6006E8609 /* AppDelegate.swift */; };
		0945BC7824AB67A6006E8609 /* SceneDelegate.swift in Sources */ = {isa = PBXBuildFile; fileRef = 0945BC7724AB67A6006E8609 /* SceneDelegate.swift */; };
		0945BC7A24AB67A6006E8609 /* ContentView.swift in Sources */ = {isa = PBXBuildFile; fileRef = 0945BC7924AB67A6006E8609 /* ContentView.swift */; };
		0945BC7C24AB67A9006E8609 /* Assets.xcassets in Resources */ = {isa = PBXBuildFile; fileRef = 0945BC7B24AB67A9006E8609 /* Assets.xcassets */; };
		0945BC7F24AB67A9006E8609 /* Preview Assets.xcassets in Resources */ = {isa = PBXBuildFile; fileRef = 0945BC7E24AB67A9006E8609 /* Preview Assets.xcassets */; };
		0945BC8224AB67A9006E8609 /* LaunchScreen.storyboard in Resources */ = {isa = PBXBuildFile; fileRef = 0945BC8024AB67A9006E8609 /* LaunchScreen.storyboard */; };
/* End PBXBuildFile section */

/* Begin PBXFileReference section */
		0945BC7224AB67A6006E8609 /* MultiplicationIsFun.app */ = {isa = PBXFileReference; explicitFileType = wrapper.application; includeInIndex = 0; path = MultiplicationIsFun.app; sourceTree = BUILT_PRODUCTS_DIR; };
		0945BC7524AB67A6006E8609 /* AppDelegate.swift */ = {isa = PBXFileReference; lastKnownFileType = sourcecode.swift; path = AppDelegate.swift; sourceTree = "<group>"; };
		0945BC7724AB67A6006E8609 /* SceneDelegate.swift */ = {isa = PBXFileReference; lastKnownFileType = sourcecode.swift; path = SceneDelegate.swift; sourceTree = "<group>"; };
		0945BC7924AB67A6006E8609 /* ContentView.swift */ = {isa = PBXFileReference; lastKnownFileType = sourcecode.swift; path = ContentView.swift; sourceTree = "<group>"; };
		0945BC7B24AB67A9006E8609 /* Assets.xcassets */ = {isa = PBXFileReference; lastKnownFileType = folder.assetcatalog; path = Assets.xcassets; sourceTree = "<group>"; };
		0945BC7E24AB67A9006E8609 /* Preview Assets.xcassets */ = {isa = PBXFileReference; lastKnownFileType = folder.assetcatalog; path = "Preview Assets.xcassets"; sourceTree = "<group>"; };
		0945BC8124AB67A9006E8609 /* Base */ = {isa = PBXFileReference; lastKnownFileType = file.storyboard; name = Base; path = Base.lproj/LaunchScreen.storyboard; sourceTree = "<group>"; };
		0945BC8324AB67A9006E8609 /* Info.plist */ = {isa = PBXFileReference; lastKnownFileType = text.plist.xml; path = Info.plist; sourceTree = "<group>"; };
/* End PBXFileReference section */

/* Begin PBXFrameworksBuildPhase section */
		0945BC6F24AB67A6006E8609 /* Frameworks */ = {
			isa = PBXFrameworksBuildPhase;
			buildActionMask = 2147483647;
			files = (
			);
			runOnlyForDeploymentPostprocessing = 0;
		};
/* End PBXFrameworksBuildPhase section */

/* Begin PBXGroup section */
		0945BC6924AB67A6006E8609 = {
			isa = PBXGroup;
			children = (
				0945BC7424AB67A6006E8609 /* MultiplicationIsFun */,
				0945BC7324AB67A6006E8609 /* Products */,
			);
			sourceTree = "<group>";
		};
		0945BC7324AB67A6006E8609 /* Products */ = {
			isa = PBXGroup;
			children = (
				0945BC7224AB67A6006E8609 /* MultiplicationIsFun.app */,
			);
			name = Products;
			sourceTree = "<group>";
		};
		0945BC7424AB67A6006E8609 /* MultiplicationIsFun */ = {
			isa = PBXGroup;
			children = (
				0945BC7524AB67A6006E8609 /* AppDelegate.swift */,
				0945BC7724AB67A6006E8609 /* SceneDelegate.swift */,
				0945BC7924AB67A6006E8609 /* ContentView.swift */,
				0945BC7B24AB67A9006E8609 /* Assets.xcassets */,
				0945BC8024AB67A9006E8609 /* LaunchScreen.storyboard */,
				0945BC8324AB67A9006E8609 /* Info.plist */,
				0945BC7D24AB67A9006E8609 /* Preview Content */,
			);
			path = MultiplicationIsFun;
			sourceTree = "<group>";
		};
		0945BC7D24AB67A9006E8609 /* Preview Content */ = {
			isa = PBXGroup;
			children = (
				0945BC7E24AB67A9006E8609 /* Preview Assets.xcassets */,
			);
			path = "Preview Content";
			sourceTree = "<group>";
		};
/* End PBXGroup section */

/* Begin PBXNativeTarget section */
		0945BC7124AB67A6006E8609 /* MultiplicationIsFun */ = {
			isa = PBXNativeTarget;
			buildConfigurationList = 0945BC8624AB67A9006E8609 /* Build configuration list for PBXNativeTarget "MultiplicationIsFun" */;
			buildPhases = (
				0945BC6E24AB67A6006E8609 /* Sources */,
				0945BC6F24AB67A6006E8609 /* Frameworks */,
				0945BC7024AB67A6006E8609 /* Resources */,
			);
			buildRules = (
			);
			dependencies = (
			);
			name = MultiplicationIsFun;
			productName = MultiplicationIsFun;
			productReference = 0945BC7224AB67A6006E8609 /* MultiplicationIsFun.app */;
			productType = "com.apple.product-type.application";
		};
/* End PBXNativeTarget section */

/* Begin PBXProject section */
		0945BC6A24AB67A6006E8609 /* Project object */ = {
			isa = PBXProject;
			attributes = {
				LastSwiftUpdateCheck = 1150;
				LastUpgradeCheck = 1150;
				ORGANIZATIONNAME = "Jessica Lewinter";
				TargetAttributes = {
					0945BC7124AB67A6006E8609 = {
						CreatedOnToolsVersion = 11.5;
					};
				};
			};
			buildConfigurationList = 0945BC6D24AB67A6006E8609 /* Build configuration list for PBXProject "MultiplicationIsFun" */;
			compatibilityVersion = "Xcode 9.3";
			developmentRegion = en;
			hasScannedForEncodings = 0;
			knownRegions = (
				en,
				Base,
			);
			mainGroup = 0945BC6924AB67A6006E8609;
			productRefGroup = 0945BC7324AB67A6006E8609 /* Products */;
			projectDirPath = "";
			projectRoot = "";
			targets = (
				0945BC7124AB67A6006E8609 /* MultiplicationIsFun */,
			);
		};
/* End PBXProject section */

/* Begin PBXResourcesBuildPhase section */
		0945BC7024AB67A6006E8609 /* Resources */ = {
			isa = PBXResourcesBuildPhase;
			buildActionMask = 2147483647;
			files = (
				0945BC8224AB67A9006E8609 /* LaunchScreen.storyboard in Resources */,
				0945BC7F24AB67A9006E8609 /* Preview Assets.xcassets in Resources */,
				0945BC7C24AB67A9006E8609 /* Assets.xcassets in Resources */,
			);
			runOnlyForDeploymentPostprocessing = 0;
		};
/* End PBXResourcesBuildPhase section */

/* Begin PBXSourcesBuildPhase section */
		0945BC6E24AB67A6006E8609 /* Sources */ = {
			isa = PBXSourcesBuildPhase;
			buildActionMask = 2147483647;
			files = (
				0945BC7624AB67A6006E8609 /* AppDelegate.swift in Sources */,
				0945BC7824AB67A6006E8609 /* SceneDelegate.swift in Sources */,
				0945BC7A24AB67A6006E8609 /* ContentView.swift in Sources */,
			);
			runOnlyForDeploymentPostprocessing = 0;
		};
/* End PBXSourcesBuildPhase section */

/* Begin PBXVariantGroup section */
		0945BC8024AB67A9006E8609 /* LaunchScreen.storyboard */ = {
			isa = PBXVariantGroup;
			children = (
				0945BC8124AB67A9006E8609 /* Base */,
			);
			name = LaunchScreen.storyboard;
			sourceTree = "<group>";
		};
/* End PBXVariantGroup section */

/* Begin XCBuildConfiguration section */
		0945BC8424AB67A9006E8609 /* Debug */ = {
			isa = XCBuildConfiguration;
			buildSettings = {
				ALWAYS_SEARCH_USER_PATHS = NO;
				CLANG_ANALYZER_NONNULL = YES;
				CLANG_ANALYZER_NUMBER_OBJECT_CONVERSION = YES_AGGRESSIVE;
				CLANG_CXX_LANGUAGE_STANDARD = "gnu++14";
				CLANG_CXX_LIBRARY = "libc++";
				CLANG_ENABLE_MODULES = YES;
				CLANG_ENABLE_OBJC_ARC = YES;
				CLANG_ENABLE_OBJC_WEAK = YES;
				CLANG_WARN_BLOCK_CAPTURE_AUTORELEASING = YES;
				CLANG_WARN_BOOL_CONVERSION = YES;
				CLANG_WARN_COMMA = YES;
				CLANG_WARN_CONSTANT_CONVERSION = YES;
				CLANG_WARN_DEPRECATED_OBJC_IMPLEMENTATIONS = YES;
				CLANG_WARN_DIRECT_OBJC_ISA_USAGE = YES_ERROR;
				CLANG_WARN_DOCUMENTATION_COMMENTS = YES;
				CLANG_WARN_EMPTY_BODY = YES;
				CLANG_WARN_ENUM_CONVERSION = YES;
				CLANG_WARN_INFINITE_RECURSION = YES;
				CLANG_WARN_INT_CONVERSION = YES;
				CLANG_WARN_NON_LITERAL_NULL_CONVERSION = YES;
				CLANG_WARN_OBJC_IMPLICIT_RETAIN_SELF = YES;
				CLANG_WARN_OBJC_LITERAL_CONVERSION = YES;
				CLANG_WARN_OBJC_ROOT_CLASS = YES_ERROR;
				CLANG_WARN_RANGE_LOOP_ANALYSIS = YES;
				CLANG_WARN_STRICT_PROTOTYPES = YES;
				CLANG_WARN_SUSPICIOUS_MOVE = YES;
				CLANG_WARN_UNGUARDED_AVAILABILITY = YES_AGGRESSIVE;
				CLANG_WARN_UNREACHABLE_CODE = YES;
				CLANG_WARN__DUPLICATE_METHOD_MATCH = YES;
				COPY_PHASE_STRIP = NO;
				DEBUG_INFORMATION_FORMAT = dwarf;
				ENABLE_STRICT_OBJC_MSGSEND = YES;
				ENABLE_TESTABILITY = YES;
				GCC_C_LANGUAGE_STANDARD = gnu11;
				GCC_DYNAMIC_NO_PIC = NO;
				GCC_NO_COMMON_BLOCKS = YES;
				GCC_OPTIMIZATION_LEVEL = 0;
				GCC_PREPROCESSOR_DEFINITIONS = (
					"DEBUG=1",
					"$(inherited)",
				);
				GCC_WARN_64_TO_32_BIT_CONVERSION = YES;
				GCC_WARN_ABOUT_RETURN_TYPE = YES_ERROR;
				GCC_WARN_UNDECLARED_SELECTOR = YES;
				GCC_WARN_UNINITIALIZED_AUTOS = YES_AGGRESSIVE;
				GCC_WARN_UNUSED_FUNCTION = YES;
				GCC_WARN_UNUSED_VARIABLE = YES;
				IPHONEOS_DEPLOYMENT_TARGET = 13.5;
				MTL_ENABLE_DEBUG_INFO = INCLUDE_SOURCE;
				MTL_FAST_MATH = YES;
				ONLY_ACTIVE_ARCH = YES;
				SDKROOT = iphoneos;
				SWIFT_ACTIVE_COMPILATION_CONDITIONS = DEBUG;
				SWIFT_OPTIMIZATION_LEVEL = "-Onone";
			};
			name = Debug;
		};
		0945BC8524AB67A9006E8609 /* Release */ = {
			isa = XCBuildConfiguration;
			buildSettings = {
				ALWAYS_SEARCH_USER_PATHS = NO;
				CLANG_ANALYZER_NONNULL = YES;
				CLANG_ANALYZER_NUMBER_OBJECT_CONVERSION = YES_AGGRESSIVE;
				CLANG_CXX_LANGUAGE_STANDARD = "gnu++14";
				CLANG_CXX_LIBRARY = "libc++";
				CLANG_ENABLE_MODULES = YES;
				CLANG_ENABLE_OBJC_ARC = YES;
				CLANG_ENABLE_OBJC_WEAK = YES;
				CLANG_WARN_BLOCK_CAPTURE_AUTORELEASING = YES;
				CLANG_WARN_BOOL_CONVERSION = YES;
				CLANG_WARN_COMMA = YES;
				CLANG_WARN_CONSTANT_CONVERSION = YES;
				CLANG_WARN_DEPRECATED_OBJC_IMPLEMENTATIONS = YES;
				CLANG_WARN_DIRECT_OBJC_ISA_USAGE = YES_ERROR;
				CLANG_WARN_DOCUMENTATION_COMMENTS = YES;
				CLANG_WARN_EMPTY_BODY = YES;
				CLANG_WARN_ENUM_CONVERSION = YES;
				CLANG_WARN_INFINITE_RECURSION = YES;
				CLANG_WARN_INT_CONVERSION = YES;
				CLANG_WARN_NON_LITERAL_NULL_CONVERSION = YES;
				CLANG_WARN_OBJC_IMPLICIT_RETAIN_SELF = YES;
				CLANG_WARN_OBJC_LITERAL_CONVERSION = YES;
				CLANG_WARN_OBJC_ROOT_CLASS = YES_ERROR;
				CLANG_WARN_RANGE_LOOP_ANALYSIS = YES;
				CLANG_WARN_STRICT_PROTOTYPES = YES;
				CLANG_WARN_SUSPICIOUS_MOVE = YES;
				CLANG_WARN_UNGUARDED_AVAILABILITY = YES_AGGRESSIVE;
				CLANG_WARN_UNREACHABLE_CODE = YES;
				CLANG_WARN__DUPLICATE_METHOD_MATCH = YES;
				COPY_PHASE_STRIP = NO;
				DEBUG_INFORMATION_FORMAT = "dwarf-with-dsym";
				ENABLE_NS_ASSERTIONS = NO;
				ENABLE_STRICT_OBJC_MSGSEND = YES;
				GCC_C_LANGUAGE_STANDARD = gnu11;
				GCC_NO_COMMON_BLOCKS = YES;
				GCC_WARN_64_TO_32_BIT_CONVERSION = YES;
				GCC_WARN_ABOUT_RETURN_TYPE = YES_ERROR;
				GCC_WARN_UNDECLARED_SELECTOR = YES;
				GCC_WARN_UNINITIALIZED_AUTOS = YES_AGGRESSIVE;
				GCC_WARN_UNUSED_FUNCTION = YES;
				GCC_WARN_UNUSED_VARIABLE = YES;
				IPHONEOS_DEPLOYMENT_TARGET = 13.5;
				MTL_ENABLE_DEBUG_INFO = NO;
				MTL_FAST_MATH = YES;
				SDKROOT = iphoneos;
				SWIFT_COMPILATION_MODE = wholemodule;
				SWIFT_OPTIMIZATION_LEVEL = "-O";
				VALIDATE_PRODUCT = YES;
			};
			name = Release;
		};
		0945BC8724AB67A9006E8609 /* Debug */ = {
			isa = XCBuildConfiguration;
			buildSettings = {
				ASSETCATALOG_COMPILER_APPICON_NAME = AppIcon;
				CODE_SIGN_STYLE = Automatic;
				DEVELOPMENT_ASSET_PATHS = "\"MultiplicationIsFun/Preview Content\"";
				DEVELOPMENT_TEAM = FG6BFSTBUF;
				ENABLE_PREVIEWS = YES;
				INFOPLIST_FILE = MultiplicationIsFun/Info.plist;
				LD_RUNPATH_SEARCH_PATHS = (
					"$(inherited)",
					"@executable_path/Frameworks",
				);
				PRODUCT_BUNDLE_IDENTIFIER = com.jessicalewinter.MultiplicationIsFun;
				PRODUCT_NAME = "$(TARGET_NAME)";
				SWIFT_VERSION = 5.0;
				TARGETED_DEVICE_FAMILY = "1,2";
			};
			name = Debug;
		};
		0945BC8824AB67A9006E8609 /* Release */ = {
			isa = XCBuildConfiguration;
			buildSettings = {
				ASSETCATALOG_COMPILER_APPICON_NAME = AppIcon;
				CODE_SIGN_STYLE = Automatic;
				DEVELOPMENT_ASSET_PATHS = "\"MultiplicationIsFun/Preview Content\"";
				DEVELOPMENT_TEAM = FG6BFSTBUF;
				ENABLE_PREVIEWS = YES;
				INFOPLIST_FILE = MultiplicationIsFun/Info.plist;
				LD_RUNPATH_SEARCH_PATHS = (
					"$(inherited)",
					"@executable_path/Frameworks",
				);
				PRODUCT_BUNDLE_IDENTIFIER = com.jessicalewinter.MultiplicationIsFun;
				PRODUCT_NAME = "$(TARGET_NAME)";
				SWIFT_VERSION = 5.0;
				TARGETED_DEVICE_FAMILY = "1,2";
			};
			name = Release;
		};
/* End XCBuildConfiguration section */

/* Begin XCConfigurationList section */
		0945BC6D24AB67A6006E8609 /* Build configuration list for PBXProject "MultiplicationIsFun" */ = {
			isa = XCConfigurationList;
			buildConfigurations = (
				0945BC8424AB67A9006E8609 /* Debug */,
				0945BC8524AB67A9006E8609 /* Release */,
			);
			defaultConfigurationIsVisible = 0;
			defaultConfigurationName = Release;
		};
		0945BC8624AB67A9006E8609 /* Build configuration list for PBXNativeTarget "MultiplicationIsFun" */ = {
			isa = XCConfigurationList;
			buildConfigurations = (
				0945BC8724AB67A9006E8609 /* Debug */,
				0945BC8824AB67A9006E8609 /* Release */,
			);
			defaultConfigurationIsVisible = 0;
			defaultConfigurationName = Release;
		};
/* End XCConfigurationList section */
	};
	rootObject = 0945BC6A24AB67A6006E8609 /* Project object */;
}
